<?xml version="1.0" encoding="utf-8"?>
<Project ToolsVersion="4.0" xmlns="http://schemas.microsoft.com/developer/msbuild/2003">
  <ItemGroup>
    <ClCompile Include="Object.cpp">
      <Filter>Interface\ObjectManager\Object</Filter>
    </ClCompile>
    <ClCompile Include="ObjectManager.cpp">
      <Filter>Interface\ObjectManager</Filter>
    </ClCompile>
    <ClCompile Include="GraphicManager.cpp">
      <Filter>Interface\GraphicManager</Filter>
    </ClCompile>
    <ClCompile Include="LuaManager.cpp">
      <Filter>Interface\LuaManager</Filter>
    </ClCompile>
    <ClCompile Include="Window.cpp" />
    <ClCompile Include="Interface.cpp">
      <Filter>Interface</Filter>
    </ClCompile>
    <ClCompile Include="ClearScreenMessage.cpp">
      <Filter>Interface\GraphicManager\GraphicMessages\ClearScreen</Filter>
    </ClCompile>
    <ClCompile Include="LuaGraphic.cpp">
      <Filter>Interface\LuaManager\LuaGraphic</Filter>
    </ClCompile>
    <ClCompile Include="main.cpp" />
    <ClCompile Include="BasicDrawable.cpp">
      <Filter>Interface\GraphicManager\Drawable\BasicObject</Filter>
    </ClCompile>
    <ClCompile Include="DX11Helper.cpp">
      <Filter>Interface\GraphicManager\D3D Tools\DX11Helper</Filter>
    </ClCompile>
    <ClCompile Include="Camera.cpp">
      <Filter>Interface\ObjectManager\Object\Camera</Filter>
    </ClCompile>
    <ClCompile Include="Prespective.cpp">
      <Filter>Interface\ObjectManager\Object\Prespective</Filter>
    </ClCompile>
    <ClCompile Include="BasicObject.cpp">
      <Filter>Interface\ObjectManager\Object\BasicObject</Filter>
    </ClCompile>
    <ClCompile Include="MatrixConverter.cpp">
      <Filter>Interface\GraphicManager\D3D Tools\3DMath\MatrixConverter</Filter>
    </ClCompile>
    <ClCompile Include="MathOperations.cpp">
      <Filter>Interface\GraphicManager\D3D Tools\3DMath\Operations</Filter>
    </ClCompile>
    <ClCompile Include="PlyFileDrawable.cpp">
      <Filter>Interface\GraphicManager\Drawable\BasicObject\PlyFile</Filter>
    </ClCompile>
  </ItemGroup>
  <ItemGroup>
    <Filter Include="Interface">
      <UniqueIdentifier>{747a2147-0c99-4312-a9e7-7cfb4b089298}</UniqueIdentifier>
    </Filter>
    <Filter Include="Interface\ObjectManager">
      <UniqueIdentifier>{29a346c0-800b-4145-b142-050b964a0ff6}</UniqueIdentifier>
    </Filter>
    <Filter Include="Interface\ObjectManager\Object">
      <UniqueIdentifier>{3f777352-1134-42b2-84d2-7e08bff2ff88}</UniqueIdentifier>
    </Filter>
    <Filter Include="Interface\GraphicManager">
      <UniqueIdentifier>{55993b2d-ca20-429e-8822-8d1f60416fde}</UniqueIdentifier>
    </Filter>
    <Filter Include="Interface\LuaManager">
      <UniqueIdentifier>{154dbd3d-8700-4836-950e-d4bc1c6ae093}</UniqueIdentifier>
    </Filter>
    <Filter Include="Interface\LuaManager\LuaGraphic">
      <UniqueIdentifier>{c9433190-4678-4a85-9ee0-7016024ce6b0}</UniqueIdentifier>
    </Filter>
    <Filter Include="Interface\GraphicManager\GraphicMessages">
      <UniqueIdentifier>{3535eea2-4217-40d0-a559-4f6efd02ac0c}</UniqueIdentifier>
    </Filter>
    <Filter Include="Interface\GraphicManager\GraphicMessages\ClearScreen">
      <UniqueIdentifier>{95828d01-b664-4226-9f58-0c7fdaa863b6}</UniqueIdentifier>
    </Filter>
    <Filter Include="Interface\GraphicManager\Drawable">
      <UniqueIdentifier>{6d88bae9-ea64-4cc4-b826-f01079ffe5df}</UniqueIdentifier>
    </Filter>
    <Filter Include="Interface\GraphicManager\Drawable\BasicObject">
      <UniqueIdentifier>{da4e60d8-ac42-43be-897f-4c6100fecce1}</UniqueIdentifier>
    </Filter>
    <Filter Include="Interface\GraphicManager\D3D Tools">
      <UniqueIdentifier>{fa0a746a-30ba-4ab4-968c-39a1e78d59d2}</UniqueIdentifier>
    </Filter>
    <Filter Include="Interface\GraphicManager\D3D Tools\Vertex">
      <UniqueIdentifier>{f5ea715e-c605-4df6-ac51-12b9ec78a0df}</UniqueIdentifier>
    </Filter>
    <Filter Include="Interface\GraphicManager\D3D Tools\DX11Helper">
      <UniqueIdentifier>{6bac47c6-d799-4d8c-a919-e7463bf597f0}</UniqueIdentifier>
    </Filter>
    <Filter Include="Interface\GraphicManager\D3D Tools\Buffers">
      <UniqueIdentifier>{8bb0aea9-ba88-482c-a2d1-ff1315eb82e7}</UniqueIdentifier>
    </Filter>
    <Filter Include="Interface\ObjectManager\Object\Camera">
      <UniqueIdentifier>{678a8fde-6a27-4a55-bae3-df87c6efadfa}</UniqueIdentifier>
    </Filter>
    <Filter Include="Interface\ObjectManager\Object\Prespective">
      <UniqueIdentifier>{d51124a0-d515-4a3d-8838-b0c291bfa9c4}</UniqueIdentifier>
    </Filter>
    <Filter Include="Interface\ObjectManager\Object\BasicObject">
      <UniqueIdentifier>{4b70df34-d33e-4b5f-bb5b-9896e37279e5}</UniqueIdentifier>
    </Filter>
    <Filter Include="Interface\GraphicManager\D3D Tools\3DMath">
      <UniqueIdentifier>{1e8e4855-3c33-4dab-8064-e71bec4264f5}</UniqueIdentifier>
    </Filter>
    <Filter Include="Interface\GraphicManager\D3D Tools\3DMath\MatrixConverter">
      <UniqueIdentifier>{1dbf2d86-8d83-42ac-8e5e-767f7affc477}</UniqueIdentifier>
    </Filter>
    <Filter Include="Interface\GraphicManager\D3D Tools\3DMath\Operations">
      <UniqueIdentifier>{aa0e2fb9-b322-4b3d-9441-a7e500acf691}</UniqueIdentifier>
    </Filter>
    <Filter Include="Interface\GraphicManager\Drawable\BasicObject\PlyFile">
      <UniqueIdentifier>{57464cff-f802-467f-86fa-18fe6def26a4}</UniqueIdentifier>
    </Filter>
  </ItemGroup>
  <ItemGroup>
    <ClInclude Include="Interface.h">
      <Filter>Interface</Filter>
    </ClInclude>
    <ClInclude Include="Object.h">
      <Filter>Interface\ObjectManager\Object</Filter>
    </ClInclude>
    <ClInclude Include="ObjectManager.h">
      <Filter>Interface\ObjectManager</Filter>
    </ClInclude>
    <ClInclude Include="GraphicManager.h">
      <Filter>Interface\GraphicManager</Filter>
    </ClInclude>
    <ClInclude Include="LuaManager.h">
      <Filter>Interface\LuaManager</Filter>
    </ClInclude>
    <ClInclude Include="Window.h" />
    <ClInclude Include="ClearScreenMessage.h">
      <Filter>Interface\GraphicManager\GraphicMessages\ClearScreen</Filter>
    </ClInclude>
    <ClInclude Include="LuaGraphic.h">
      <Filter>Interface\LuaManager\LuaGraphic</Filter>
    </ClInclude>
    <ClInclude Include="Drawable.h">
      <Filter>Interface\GraphicManager\Drawable</Filter>
    </ClInclude>
    <ClInclude Include="BasicDrawable.h">
      <Filter>Interface\GraphicManager\Drawable\BasicObject</Filter>
    </ClInclude>
    <ClInclude Include="Vertex.h">
      <Filter>Interface\GraphicManager\D3D Tools\Vertex</Filter>
    </ClInclude>
    <ClInclude Include="DX11Helper.h">
      <Filter>Interface\GraphicManager\D3D Tools\DX11Helper</Filter>
    </ClInclude>
    <ClInclude Include="Buffers.h">
      <Filter>Interface\GraphicManager\D3D Tools\Buffers</Filter>
    </ClInclude>
    <ClInclude Include="Camera.h">
      <Filter>Interface\ObjectManager\Object\Camera</Filter>
    </ClInclude>
    <ClInclude Include="Prespective.h">
      <Filter>Interface\ObjectManager\Object\Prespective</Filter>
    </ClInclude>
    <ClInclude Include="BasicObject.h">
      <Filter>Interface\ObjectManager\Object\BasicObject</Filter>
    </ClInclude>
    <ClInclude Include="MatrixConverter.h">
      <Filter>Interface\GraphicManager\D3D Tools\3DMath\MatrixConverter</Filter>
    </ClInclude>
    <ClInclude Include="MathOperations.h">
      <Filter>Interface\GraphicManager\D3D Tools\3DMath\Operations</Filter>
    </ClInclude>
    <ClInclude Include="PlyFileDrawable.h">
      <Filter>Interface\GraphicManager\Drawable\BasicObject\PlyFile</Filter>
    </ClInclude>
  </ItemGroup>
</Project>