<?xml version="1.0" encoding="utf-8"?>
<Project ToolsVersion="4.0" xmlns="http://schemas.microsoft.com/developer/msbuild/2003">
  <ItemGroup>
    <ClInclude Include="LuaManager.h" />
    <ClInclude Include="LuaCamera.h">
      <Filter>Lua Class/Function\LuaCamera</Filter>
    </ClInclude>
    <ClInclude Include="LuaGraphic.h">
      <Filter>Lua Class/Function\LuaGraphic</Filter>
    </ClInclude>
    <ClInclude Include="LuaKeysID.h">
      <Filter>Lua Class/Function\LuaKeysID</Filter>
    </ClInclude>
    <ClInclude Include="LuaLoopCallSetup.h">
      <Filter>Lua Class/Function\LuaLoopCallSetup</Filter>
    </ClInclude>
    <ClInclude Include="LuaModel.h">
      <Filter>Lua Class/Function\LuaModel</Filter>
    </ClInclude>
    <ClInclude Include="LuaObject.h">
      <Filter>Lua Class/Function\LuaObject</Filter>
    </ClInclude>
    <ClInclude Include="LuaProcesses.h">
      <Filter>Lua Class/Function\Lua Processes</Filter>
    </ClInclude>
    <ClInclude Include="LuaKeyAction.h">
      <Filter>Lua Class/Function\Lua Processes\LuaKeyAction</Filter>
    </ClInclude>
    <ClInclude Include="LuaLoopCall.h">
      <Filter>Lua Class/Function\Lua Processes\LuaLoopCall</Filter>
    </ClInclude>
    <ClInclude Include="Linker.h" />
    <ClInclude Include="LuaBasicDrawableObject.h">
      <Filter>Lua Class/Function\LuaBasicDrawableObject</Filter>
    </ClInclude>
    <ClInclude Include="LuaKeyActionSetup.h">
      <Filter>Lua Class/Function\LuaKeyActionSetup</Filter>
    </ClInclude>
    <ClInclude Include="LuaBasicTexture.h">
      <Filter>Lua Class/Function\LuaBasicTexture</Filter>
    </ClInclude>
    <ClInclude Include="LuaLight.h">
      <Filter>Lua Class/Function\LuaLight</Filter>
    </ClInclude>
    <ClInclude Include="LuaError.h">
      <Filter>LuaError</Filter>
    </ClInclude>
    <ClInclude Include="LuaRegisterAll.h">
      <Filter>Lua Class/Function</Filter>
    </ClInclude>
    <ClInclude Include="LuaMath.h">
      <Filter>Lua Class/Function\LuaMath</Filter>
    </ClInclude>
    <ClInclude Include="LuaScreenShot.h">
      <Filter>Lua Class/Function\LuaScreenShot</Filter>
    </ClInclude>
    <ClInclude Include="LuaScreenCapture.h">
      <Filter>Lua Class/Function\LuaScreenCapture</Filter>
    </ClInclude>
  </ItemGroup>
  <ItemGroup>
    <ClCompile Include="LuaManager.cpp" />
    <ClCompile Include="LuaCamera.cpp">
      <Filter>Lua Class/Function\LuaCamera</Filter>
    </ClCompile>
    <ClCompile Include="LuaGraphic.cpp">
      <Filter>Lua Class/Function\LuaGraphic</Filter>
    </ClCompile>
    <ClCompile Include="LuaKeysID.cpp">
      <Filter>Lua Class/Function\LuaKeysID</Filter>
    </ClCompile>
    <ClCompile Include="LuaLoopCallSetup.cpp">
      <Filter>Lua Class/Function\LuaLoopCallSetup</Filter>
    </ClCompile>
    <ClCompile Include="LuaModel.cpp">
      <Filter>Lua Class/Function\LuaModel</Filter>
    </ClCompile>
    <ClCompile Include="LuaObject.cpp">
      <Filter>Lua Class/Function\LuaObject</Filter>
    </ClCompile>
    <ClCompile Include="LuaKeyAction.cpp">
      <Filter>Lua Class/Function\Lua Processes\LuaKeyAction</Filter>
    </ClCompile>
    <ClCompile Include="LuaLoopCall.cpp">
      <Filter>Lua Class/Function\Lua Processes\LuaLoopCall</Filter>
    </ClCompile>
    <ClCompile Include="LuaBasicDrawableObject.cpp">
      <Filter>Lua Class/Function\LuaBasicDrawableObject</Filter>
    </ClCompile>
    <ClCompile Include="LuaKeyActionSetup.cpp">
      <Filter>Lua Class/Function\LuaKeyActionSetup</Filter>
    </ClCompile>
    <ClCompile Include="LuaBasicTexture.cpp">
      <Filter>Lua Class/Function\LuaBasicTexture</Filter>
    </ClCompile>
    <ClCompile Include="LuaLight.cpp">
      <Filter>Lua Class/Function\LuaLight</Filter>
    </ClCompile>
    <ClCompile Include="LuaError.cpp">
      <Filter>LuaError</Filter>
    </ClCompile>
    <ClCompile Include="LuaMath.cpp">
      <Filter>Lua Class/Function\LuaMath</Filter>
    </ClCompile>
    <ClCompile Include="LuaScreenShot.cpp">
      <Filter>Lua Class/Function\LuaScreenShot</Filter>
    </ClCompile>
    <ClCompile Include="LuaScreenCapture.cpp">
      <Filter>Lua Class/Function\LuaScreenCapture</Filter>
    </ClCompile>
  </ItemGroup>
  <ItemGroup>
    <Filter Include="Lua Class/Function">
      <UniqueIdentifier>{951c548c-e607-4ef5-988b-fe49eabdc9ff}</UniqueIdentifier>
    </Filter>
    <Filter Include="Lua Class/Function\LuaCamera">
      <UniqueIdentifier>{d1199bf0-fb1c-44e4-bee8-7e4f1ad705c7}</UniqueIdentifier>
    </Filter>
    <Filter Include="Lua Class/Function\LuaGraphic">
      <UniqueIdentifier>{330e9428-616f-44ea-8430-c29218450476}</UniqueIdentifier>
    </Filter>
    <Filter Include="Lua Class/Function\LuaKeysID">
      <UniqueIdentifier>{fdcfefed-1638-4c58-9e66-0fef002d79f7}</UniqueIdentifier>
    </Filter>
    <Filter Include="Lua Class/Function\LuaLoopCallSetup">
      <UniqueIdentifier>{be29cf94-9c75-4d92-a849-a1094ae9cb1b}</UniqueIdentifier>
    </Filter>
    <Filter Include="Lua Class/Function\LuaModel">
      <UniqueIdentifier>{99aab005-2062-487a-b4cb-668aa81f9273}</UniqueIdentifier>
    </Filter>
    <Filter Include="Lua Class/Function\LuaObject">
      <UniqueIdentifier>{7c157c13-425c-470f-971d-0dd4fc24e16a}</UniqueIdentifier>
    </Filter>
    <Filter Include="Lua Class/Function\LuaBasicDrawableObject">
      <UniqueIdentifier>{2a8d88a6-f3e0-4249-be15-e4c81b3ae5fb}</UniqueIdentifier>
    </Filter>
    <Filter Include="Lua Class/Function\LuaKeyActionSetup">
      <UniqueIdentifier>{75d3a7e4-47f7-4732-a47a-3522e73a35a9}</UniqueIdentifier>
    </Filter>
    <Filter Include="Lua Class/Function\LuaLight">
      <UniqueIdentifier>{99aafd94-0f2e-47fe-a6c5-083161a4eb45}</UniqueIdentifier>
    </Filter>
    <Filter Include="LuaError">
      <UniqueIdentifier>{0068221f-3e77-415c-a28c-d60079bcd49a}</UniqueIdentifier>
    </Filter>
    <Filter Include="Lua Class/Function\LuaMath">
      <UniqueIdentifier>{cdd74eac-5b5d-4988-b855-eba8302574b0}</UniqueIdentifier>
    </Filter>
    <Filter Include="Lua Class/Function\LuaScreenShot">
      <UniqueIdentifier>{bae8b22f-6f8f-4a48-aab5-0c19c0f3f28f}</UniqueIdentifier>
    </Filter>
    <Filter Include="Lua Class/Function\LuaScreenCapture">
      <UniqueIdentifier>{a919e6c6-e946-43f4-a988-e9aba7bd9fc6}</UniqueIdentifier>
    </Filter>
    <Filter Include="Lua Class/Function\LuaBasicTexture">
      <UniqueIdentifier>{a2836dbb-cde0-4509-9d1e-dc50252e967e}</UniqueIdentifier>
    </Filter>
    <Filter Include="Lua Class/Function\Lua Processes">
      <UniqueIdentifier>{e732ad2c-146e-4f56-8285-24980eed85be}</UniqueIdentifier>
    </Filter>
    <Filter Include="Lua Class/Function\Lua Processes\LuaKeyAction">
      <UniqueIdentifier>{066781f6-0fc4-46de-8fae-591dcdbacb65}</UniqueIdentifier>
    </Filter>
    <Filter Include="Lua Class/Function\Lua Processes\LuaLoopCall">
      <UniqueIdentifier>{12120ca4-4311-4d8b-95d6-baf25a7e4c90}</UniqueIdentifier>
    </Filter>
  </ItemGroup>
</Project>