<?xml version="1.0" encoding="utf-8"?>
<Project ToolsVersion="4.0" xmlns="http://schemas.microsoft.com/developer/msbuild/2003">
  <ItemGroup>
    <Filter Include="String Converter">
      <UniqueIdentifier>{de555248-5730-4dfc-bd8f-f84803da9bac}</UniqueIdentifier>
    </Filter>
    <Filter Include="Queryable">
      <UniqueIdentifier>{798ec669-2020-42a8-b3cf-3d468b766f35}</UniqueIdentifier>
    </Filter>
    <Filter Include="Singleton">
      <UniqueIdentifier>{d557d784-7165-42b8-9f94-d03b8fb320ea}</UniqueIdentifier>
    </Filter>
    <Filter Include="Lua">
      <UniqueIdentifier>{f48d4419-5d57-41b1-b31f-abe042ec2cf7}</UniqueIdentifier>
    </Filter>
  </ItemGroup>
  <ItemGroup>
    <ClInclude Include="Linker.h" />
    <ClInclude Include="VectorQueryable.h">
      <Filter>Queryable</Filter>
    </ClInclude>
    <ClInclude Include="MapQueryable.h">
      <Filter>Queryable</Filter>
    </ClInclude>
    <ClInclude Include="Singleton.h">
      <Filter>Singleton</Filter>
    </ClInclude>
    <ClInclude Include="lua-5.2.2\lapi.h">
      <Filter>Lua</Filter>
    </ClInclude>
    <ClInclude Include="lua-5.2.2\lauxlib.h">
      <Filter>Lua</Filter>
    </ClInclude>
    <ClInclude Include="lua-5.2.2\lcode.h">
      <Filter>Lua</Filter>
    </ClInclude>
    <ClInclude Include="lua-5.2.2\lctype.h">
      <Filter>Lua</Filter>
    </ClInclude>
    <ClInclude Include="lua-5.2.2\ldebug.h">
      <Filter>Lua</Filter>
    </ClInclude>
    <ClInclude Include="lua-5.2.2\ldo.h">
      <Filter>Lua</Filter>
    </ClInclude>
    <ClInclude Include="lua-5.2.2\lfunc.h">
      <Filter>Lua</Filter>
    </ClInclude>
    <ClInclude Include="lua-5.2.2\lgc.h">
      <Filter>Lua</Filter>
    </ClInclude>
    <ClInclude Include="lua-5.2.2\llex.h">
      <Filter>Lua</Filter>
    </ClInclude>
    <ClInclude Include="lua-5.2.2\llimits.h">
      <Filter>Lua</Filter>
    </ClInclude>
    <ClInclude Include="lua-5.2.2\lmem.h">
      <Filter>Lua</Filter>
    </ClInclude>
    <ClInclude Include="lua-5.2.2\lobject.h">
      <Filter>Lua</Filter>
    </ClInclude>
    <ClInclude Include="lua-5.2.2\lopcodes.h">
      <Filter>Lua</Filter>
    </ClInclude>
    <ClInclude Include="lua-5.2.2\lparser.h">
      <Filter>Lua</Filter>
    </ClInclude>
    <ClInclude Include="lua-5.2.2\lstate.h">
      <Filter>Lua</Filter>
    </ClInclude>
    <ClInclude Include="lua-5.2.2\lstring.h">
      <Filter>Lua</Filter>
    </ClInclude>
    <ClInclude Include="lua-5.2.2\ltable.h">
      <Filter>Lua</Filter>
    </ClInclude>
    <ClInclude Include="lua-5.2.2\ltm.h">
      <Filter>Lua</Filter>
    </ClInclude>
    <ClInclude Include="lua-5.2.2\lua.h">
      <Filter>Lua</Filter>
    </ClInclude>
    <ClInclude Include="lua-5.2.2\lua.hpp">
      <Filter>Lua</Filter>
    </ClInclude>
    <ClInclude Include="lua-5.2.2\luaconf.h">
      <Filter>Lua</Filter>
    </ClInclude>
    <ClInclude Include="lua-5.2.2\lualib.h">
      <Filter>Lua</Filter>
    </ClInclude>
    <ClInclude Include="lua-5.2.2\lundump.h">
      <Filter>Lua</Filter>
    </ClInclude>
    <ClInclude Include="lua-5.2.2\lvm.h">
      <Filter>Lua</Filter>
    </ClInclude>
    <ClInclude Include="lua-5.2.2\lzio.h">
      <Filter>Lua</Filter>
    </ClInclude>
    <ClInclude Include="Converter.h">
      <Filter>String Converter</Filter>
    </ClInclude>
  </ItemGroup>
  <ItemGroup>
    <ClCompile Include="lua-5.2.2\lapi.c">
      <Filter>Lua</Filter>
    </ClCompile>
    <ClCompile Include="lua-5.2.2\lauxlib.c">
      <Filter>Lua</Filter>
    </ClCompile>
    <ClCompile Include="lua-5.2.2\lbaselib.c">
      <Filter>Lua</Filter>
    </ClCompile>
    <ClCompile Include="lua-5.2.2\lbitlib.c">
      <Filter>Lua</Filter>
    </ClCompile>
    <ClCompile Include="lua-5.2.2\lcode.c">
      <Filter>Lua</Filter>
    </ClCompile>
    <ClCompile Include="lua-5.2.2\lcorolib.c">
      <Filter>Lua</Filter>
    </ClCompile>
    <ClCompile Include="lua-5.2.2\lctype.c">
      <Filter>Lua</Filter>
    </ClCompile>
    <ClCompile Include="lua-5.2.2\ldblib.c">
      <Filter>Lua</Filter>
    </ClCompile>
    <ClCompile Include="lua-5.2.2\ldebug.c">
      <Filter>Lua</Filter>
    </ClCompile>
    <ClCompile Include="lua-5.2.2\ldo.c">
      <Filter>Lua</Filter>
    </ClCompile>
    <ClCompile Include="lua-5.2.2\ldump.c">
      <Filter>Lua</Filter>
    </ClCompile>
    <ClCompile Include="lua-5.2.2\lfunc.c">
      <Filter>Lua</Filter>
    </ClCompile>
    <ClCompile Include="lua-5.2.2\lgc.c">
      <Filter>Lua</Filter>
    </ClCompile>
    <ClCompile Include="lua-5.2.2\linit.c">
      <Filter>Lua</Filter>
    </ClCompile>
    <ClCompile Include="lua-5.2.2\liolib.c">
      <Filter>Lua</Filter>
    </ClCompile>
    <ClCompile Include="lua-5.2.2\llex.c">
      <Filter>Lua</Filter>
    </ClCompile>
    <ClCompile Include="lua-5.2.2\lmathlib.c">
      <Filter>Lua</Filter>
    </ClCompile>
    <ClCompile Include="lua-5.2.2\lmem.c">
      <Filter>Lua</Filter>
    </ClCompile>
    <ClCompile Include="lua-5.2.2\loadlib.c">
      <Filter>Lua</Filter>
    </ClCompile>
    <ClCompile Include="lua-5.2.2\lobject.c">
      <Filter>Lua</Filter>
    </ClCompile>
    <ClCompile Include="lua-5.2.2\lopcodes.c">
      <Filter>Lua</Filter>
    </ClCompile>
    <ClCompile Include="lua-5.2.2\loslib.c">
      <Filter>Lua</Filter>
    </ClCompile>
    <ClCompile Include="lua-5.2.2\lparser.c">
      <Filter>Lua</Filter>
    </ClCompile>
    <ClCompile Include="lua-5.2.2\lstate.c">
      <Filter>Lua</Filter>
    </ClCompile>
    <ClCompile Include="lua-5.2.2\lstring.c">
      <Filter>Lua</Filter>
    </ClCompile>
    <ClCompile Include="lua-5.2.2\lstrlib.c">
      <Filter>Lua</Filter>
    </ClCompile>
    <ClCompile Include="lua-5.2.2\ltable.c">
      <Filter>Lua</Filter>
    </ClCompile>
    <ClCompile Include="lua-5.2.2\ltablib.c">
      <Filter>Lua</Filter>
    </ClCompile>
    <ClCompile Include="lua-5.2.2\ltm.c">
      <Filter>Lua</Filter>
    </ClCompile>
    <ClCompile Include="lua-5.2.2\lua.c">
      <Filter>Lua</Filter>
    </ClCompile>
    <ClCompile Include="lua-5.2.2\luac.c">
      <Filter>Lua</Filter>
    </ClCompile>
    <ClCompile Include="lua-5.2.2\lundump.c">
      <Filter>Lua</Filter>
    </ClCompile>
    <ClCompile Include="lua-5.2.2\lvm.c">
      <Filter>Lua</Filter>
    </ClCompile>
    <ClCompile Include="lua-5.2.2\lzio.c">
      <Filter>Lua</Filter>
    </ClCompile>
    <ClCompile Include="Converter.cpp">
      <Filter>String Converter</Filter>
    </ClCompile>
  </ItemGroup>
  <ItemGroup>
    <None Include="lua-5.2.2\Makefile">
      <Filter>Lua</Filter>
    </None>
  </ItemGroup>
</Project>