<?xml version="1.0" encoding="utf-8"?>
<Project ToolsVersion="4.0" xmlns="http://schemas.microsoft.com/developer/msbuild/2003">
  <ItemGroup>
    <ClInclude Include="Linker.h" />
    <ClInclude Include="AnimationCommunicator.h">
      <Filter>AnimationCommunicator</Filter>
    </ClInclude>
    <ClInclude Include="BasicAnimationConfig.h">
      <Filter>BasicAnimationConfig</Filter>
    </ClInclude>
    <ClInclude Include="AnimationControllerConfig.h">
      <Filter>AnimationControllerConfig</Filter>
    </ClInclude>
  </ItemGroup>
  <ItemGroup>
    <Filter Include="AnimationCommunicator">
      <UniqueIdentifier>{9b6c322d-bf0e-4ec2-9916-275969b64a8b}</UniqueIdentifier>
    </Filter>
    <Filter Include="BasicAnimationConfig">
      <UniqueIdentifier>{acee04e1-383f-41ed-ba31-cc1ca1ac8083}</UniqueIdentifier>
    </Filter>
    <Filter Include="AnimationControllerConfig">
      <UniqueIdentifier>{9b7be888-c00c-4e5a-993f-172fa54ab1b6}</UniqueIdentifier>
    </Filter>
  </ItemGroup>
  <ItemGroup>
    <ClCompile Include="AnimationCommunicator.cpp">
      <Filter>AnimationCommunicator</Filter>
    </ClCompile>
    <ClCompile Include="BasicAnimationConfig.cpp">
      <Filter>BasicAnimationConfig</Filter>
    </ClCompile>
    <ClCompile Include="AnimationControllerConfig.cpp">
      <Filter>AnimationControllerConfig</Filter>
    </ClCompile>
  </ItemGroup>
</Project>