<?xml version="1.0" encoding="utf-8"?>
<Project ToolsVersion="4.0" xmlns="http://schemas.microsoft.com/developer/msbuild/2003">
  <ItemGroup>
    <Filter Include="Lua5.1.5">
      <UniqueIdentifier>{6e43e832-de57-4ba0-b918-24903f1851ec}</UniqueIdentifier>
    </Filter>
    <Filter Include="LuaBind">
      <UniqueIdentifier>{8c8d6ae0-5771-4002-a7a9-62e1cd28a3c4}</UniqueIdentifier>
    </Filter>
    <Filter Include="LuaBind\detail">
      <UniqueIdentifier>{200261f3-cc22-4abc-9f40-50585a450700}</UniqueIdentifier>
    </Filter>
    <Filter Include="LuaBind\src">
      <UniqueIdentifier>{2f7a56c2-318f-4ae7-812f-f8adb6db8cbc}</UniqueIdentifier>
    </Filter>
    <Filter Include="Eigen">
      <UniqueIdentifier>{8aa4cecf-1592-4d8c-88be-6d684609dfa7}</UniqueIdentifier>
    </Filter>
    <Filter Include="Eigen\src">
      <UniqueIdentifier>{cf5066ff-c948-4cef-acf6-a1c1f18c9a4f}</UniqueIdentifier>
    </Filter>
    <Filter Include="Eigen\src\Cholesky">
      <UniqueIdentifier>{af18857a-1d67-4563-86cc-e102fb7c78ce}</UniqueIdentifier>
    </Filter>
    <Filter Include="Eigen\src\CholmodSupport">
      <UniqueIdentifier>{1a919255-eb8d-4974-b9c1-d549b80b5631}</UniqueIdentifier>
    </Filter>
    <Filter Include="Eigen\src\Core">
      <UniqueIdentifier>{3f879748-f5e2-4b54-9b84-1987e49cdb3f}</UniqueIdentifier>
    </Filter>
    <Filter Include="Eigen\src\Core\arch">
      <UniqueIdentifier>{1b224232-b6d4-4878-b3e4-58cd6c774e0a}</UniqueIdentifier>
    </Filter>
    <Filter Include="Eigen\src\Core\arch\AltiVec">
      <UniqueIdentifier>{25accad2-bff0-400a-b50a-1b15e31c640a}</UniqueIdentifier>
    </Filter>
    <Filter Include="Eigen\src\Core\arch\Default">
      <UniqueIdentifier>{9bb7ecf9-292c-4da3-b6df-69ae659567e8}</UniqueIdentifier>
    </Filter>
    <Filter Include="Eigen\src\Core\arch\NEON">
      <UniqueIdentifier>{d84f85bc-3e74-4971-acca-c42e3d0388a2}</UniqueIdentifier>
    </Filter>
    <Filter Include="Eigen\src\Core\arch\SSE">
      <UniqueIdentifier>{c0716a74-416e-4582-8505-d9d7ee702917}</UniqueIdentifier>
    </Filter>
    <Filter Include="Eigen\src\Core\products">
      <UniqueIdentifier>{d6d9ec89-d69d-48d8-8c0a-412cc3c7a4c4}</UniqueIdentifier>
    </Filter>
    <Filter Include="Eigen\src\Core\util">
      <UniqueIdentifier>{25dd9166-037a-42e6-ab19-398a2cbc750c}</UniqueIdentifier>
    </Filter>
    <Filter Include="Eigen\src\Eigen2Support">
      <UniqueIdentifier>{1fde0863-b0fd-47ed-a127-565cfc6c3c4e}</UniqueIdentifier>
    </Filter>
    <Filter Include="Eigen\src\Eigen2Support\Geometry">
      <UniqueIdentifier>{e07726eb-7dac-4a3b-85d4-0a6494dfb3bf}</UniqueIdentifier>
    </Filter>
    <Filter Include="Eigen\src\Eigenvalues">
      <UniqueIdentifier>{fddd07a0-14a3-408b-b476-8eb93cce09d5}</UniqueIdentifier>
    </Filter>
    <Filter Include="Eigen\src\Geometry">
      <UniqueIdentifier>{e6a300a7-a5c9-471d-a709-78b6022d9332}</UniqueIdentifier>
    </Filter>
    <Filter Include="Eigen\src\Geometry\arch">
      <UniqueIdentifier>{85719d87-5ed6-4076-a5a6-8aadafecea6a}</UniqueIdentifier>
    </Filter>
    <Filter Include="Eigen\src\Householder">
      <UniqueIdentifier>{43332560-1682-42db-ac00-72086355f14d}</UniqueIdentifier>
    </Filter>
    <Filter Include="Eigen\src\IterativeLinearSolvers">
      <UniqueIdentifier>{1c967353-7bae-4f8e-9f23-ab00545fe4b7}</UniqueIdentifier>
    </Filter>
    <Filter Include="Eigen\src\Jacobi">
      <UniqueIdentifier>{021b9d32-b7bb-41fe-a4bb-48d52661da81}</UniqueIdentifier>
    </Filter>
    <Filter Include="Eigen\src\LU">
      <UniqueIdentifier>{d1192b3f-c632-4335-a03f-de82b98310ce}</UniqueIdentifier>
    </Filter>
    <Filter Include="Eigen\src\LU\arch">
      <UniqueIdentifier>{770f887a-f24b-4025-a200-639ed5d878d4}</UniqueIdentifier>
    </Filter>
    <Filter Include="Eigen\src\MetisSupport">
      <UniqueIdentifier>{314c2a61-d511-4e6f-9f62-1e3dc124e6a1}</UniqueIdentifier>
    </Filter>
    <Filter Include="Eigen\src\misc">
      <UniqueIdentifier>{3f03655c-96fa-4897-bbee-0874062356f8}</UniqueIdentifier>
    </Filter>
    <Filter Include="Eigen\src\OrderingMethods">
      <UniqueIdentifier>{b3865155-cf0a-4bfe-b392-6429e95b57af}</UniqueIdentifier>
    </Filter>
    <Filter Include="Eigen\src\PardisoSupport">
      <UniqueIdentifier>{c435f6a3-763a-4d57-bd3c-e9edc9ee64a7}</UniqueIdentifier>
    </Filter>
    <Filter Include="Eigen\src\PaStiXSupport">
      <UniqueIdentifier>{fe5db6a7-bff8-4016-8fbe-e69fb97e0ed8}</UniqueIdentifier>
    </Filter>
    <Filter Include="Eigen\src\plugins">
      <UniqueIdentifier>{3162afc0-bff4-45f9-aa63-7ea60e999bca}</UniqueIdentifier>
    </Filter>
    <Filter Include="Eigen\src\QR">
      <UniqueIdentifier>{2664d3e8-d3ff-49e2-b1f5-4c5658fe6325}</UniqueIdentifier>
    </Filter>
    <Filter Include="Eigen\src\SparseCholesky">
      <UniqueIdentifier>{3f1b2473-b7bb-43a1-ab29-489399c04a48}</UniqueIdentifier>
    </Filter>
    <Filter Include="Eigen\src\SparseCore">
      <UniqueIdentifier>{0bfce3f9-ec31-4632-b542-f32b04cc06f8}</UniqueIdentifier>
    </Filter>
    <Filter Include="Eigen\src\SparseLU">
      <UniqueIdentifier>{03965837-b383-42ec-8f2a-0bddf66bb2ae}</UniqueIdentifier>
    </Filter>
    <Filter Include="Eigen\src\SparseQR">
      <UniqueIdentifier>{8ee99a3e-f14d-44bf-94a6-50c285b1461d}</UniqueIdentifier>
    </Filter>
    <Filter Include="Eigen\src\SPQRSupport">
      <UniqueIdentifier>{3f273a86-d52c-4ecb-802c-84280bea8e47}</UniqueIdentifier>
    </Filter>
    <Filter Include="Eigen\src\StlSupport">
      <UniqueIdentifier>{0694f67e-c593-4f51-808d-63a9200feb67}</UniqueIdentifier>
    </Filter>
    <Filter Include="Eigen\src\SuperLUSupport">
      <UniqueIdentifier>{789d4add-4d72-4b30-8bd4-9b898cf84cb8}</UniqueIdentifier>
    </Filter>
    <Filter Include="Eigen\src\SVD">
      <UniqueIdentifier>{5a661577-5bdc-465d-a6d9-0882262837c8}</UniqueIdentifier>
    </Filter>
    <Filter Include="Eigen\src\UmfPackSupport">
      <UniqueIdentifier>{2b4cb0f8-508b-4db9-8b33-f1e6d3af8a68}</UniqueIdentifier>
    </Filter>
  </ItemGroup>
  <ItemGroup>
    <ClCompile Include="lua5.1.5\lapi.c">
      <Filter>Lua5.1.5</Filter>
    </ClCompile>
    <ClCompile Include="lua5.1.5\lauxlib.c">
      <Filter>Lua5.1.5</Filter>
    </ClCompile>
    <ClCompile Include="lua5.1.5\lbaselib.c">
      <Filter>Lua5.1.5</Filter>
    </ClCompile>
    <ClCompile Include="lua5.1.5\lcode.c">
      <Filter>Lua5.1.5</Filter>
    </ClCompile>
    <ClCompile Include="lua5.1.5\ldblib.c">
      <Filter>Lua5.1.5</Filter>
    </ClCompile>
    <ClCompile Include="lua5.1.5\ldebug.c">
      <Filter>Lua5.1.5</Filter>
    </ClCompile>
    <ClCompile Include="lua5.1.5\ldo.c">
      <Filter>Lua5.1.5</Filter>
    </ClCompile>
    <ClCompile Include="lua5.1.5\ldump.c">
      <Filter>Lua5.1.5</Filter>
    </ClCompile>
    <ClCompile Include="lua5.1.5\lfunc.c">
      <Filter>Lua5.1.5</Filter>
    </ClCompile>
    <ClCompile Include="lua5.1.5\lgc.c">
      <Filter>Lua5.1.5</Filter>
    </ClCompile>
    <ClCompile Include="lua5.1.5\linit.c">
      <Filter>Lua5.1.5</Filter>
    </ClCompile>
    <ClCompile Include="lua5.1.5\liolib.c">
      <Filter>Lua5.1.5</Filter>
    </ClCompile>
    <ClCompile Include="lua5.1.5\llex.c">
      <Filter>Lua5.1.5</Filter>
    </ClCompile>
    <ClCompile Include="lua5.1.5\lmathlib.c">
      <Filter>Lua5.1.5</Filter>
    </ClCompile>
    <ClCompile Include="lua5.1.5\lmem.c">
      <Filter>Lua5.1.5</Filter>
    </ClCompile>
    <ClCompile Include="lua5.1.5\loadlib.c">
      <Filter>Lua5.1.5</Filter>
    </ClCompile>
    <ClCompile Include="lua5.1.5\lobject.c">
      <Filter>Lua5.1.5</Filter>
    </ClCompile>
    <ClCompile Include="lua5.1.5\lopcodes.c">
      <Filter>Lua5.1.5</Filter>
    </ClCompile>
    <ClCompile Include="lua5.1.5\loslib.c">
      <Filter>Lua5.1.5</Filter>
    </ClCompile>
    <ClCompile Include="lua5.1.5\lparser.c">
      <Filter>Lua5.1.5</Filter>
    </ClCompile>
    <ClCompile Include="lua5.1.5\lstate.c">
      <Filter>Lua5.1.5</Filter>
    </ClCompile>
    <ClCompile Include="lua5.1.5\lstring.c">
      <Filter>Lua5.1.5</Filter>
    </ClCompile>
    <ClCompile Include="lua5.1.5\lstrlib.c">
      <Filter>Lua5.1.5</Filter>
    </ClCompile>
    <ClCompile Include="lua5.1.5\ltable.c">
      <Filter>Lua5.1.5</Filter>
    </ClCompile>
    <ClCompile Include="lua5.1.5\ltablib.c">
      <Filter>Lua5.1.5</Filter>
    </ClCompile>
    <ClCompile Include="lua5.1.5\ltm.c">
      <Filter>Lua5.1.5</Filter>
    </ClCompile>
    <ClCompile Include="lua5.1.5\lua.c">
      <Filter>Lua5.1.5</Filter>
    </ClCompile>
    <ClCompile Include="lua5.1.5\luac.c">
      <Filter>Lua5.1.5</Filter>
    </ClCompile>
    <ClCompile Include="lua5.1.5\lundump.c">
      <Filter>Lua5.1.5</Filter>
    </ClCompile>
    <ClCompile Include="lua5.1.5\lvm.c">
      <Filter>Lua5.1.5</Filter>
    </ClCompile>
    <ClCompile Include="lua5.1.5\lzio.c">
      <Filter>Lua5.1.5</Filter>
    </ClCompile>
    <ClCompile Include="lua5.1.5\print.c">
      <Filter>Lua5.1.5</Filter>
    </ClCompile>
    <ClCompile Include="luabind\src\class.cpp">
      <Filter>LuaBind\src</Filter>
    </ClCompile>
    <ClCompile Include="luabind\src\class_info.cpp">
      <Filter>LuaBind\src</Filter>
    </ClCompile>
    <ClCompile Include="luabind\src\class_registry.cpp">
      <Filter>LuaBind\src</Filter>
    </ClCompile>
    <ClCompile Include="luabind\src\class_rep.cpp">
      <Filter>LuaBind\src</Filter>
    </ClCompile>
    <ClCompile Include="luabind\src\create_class.cpp">
      <Filter>LuaBind\src</Filter>
    </ClCompile>
    <ClCompile Include="luabind\src\error.cpp">
      <Filter>LuaBind\src</Filter>
    </ClCompile>
    <ClCompile Include="luabind\src\exception_handler.cpp">
      <Filter>LuaBind\src</Filter>
    </ClCompile>
    <ClCompile Include="luabind\src\function.cpp">
      <Filter>LuaBind\src</Filter>
    </ClCompile>
    <ClCompile Include="luabind\src\inheritance.cpp">
      <Filter>LuaBind\src</Filter>
    </ClCompile>
    <ClCompile Include="luabind\src\link_compatibility.cpp">
      <Filter>LuaBind\src</Filter>
    </ClCompile>
    <ClCompile Include="luabind\src\object_rep.cpp">
      <Filter>LuaBind\src</Filter>
    </ClCompile>
    <ClCompile Include="luabind\src\open.cpp">
      <Filter>LuaBind\src</Filter>
    </ClCompile>
    <ClCompile Include="luabind\src\pcall.cpp">
      <Filter>LuaBind\src</Filter>
    </ClCompile>
    <ClCompile Include="luabind\src\scope.cpp">
      <Filter>LuaBind\src</Filter>
    </ClCompile>
    <ClCompile Include="luabind\src\stack_content_by_name.cpp">
      <Filter>LuaBind\src</Filter>
    </ClCompile>
    <ClCompile Include="luabind\src\weak_ref.cpp">
      <Filter>LuaBind\src</Filter>
    </ClCompile>
    <ClCompile Include="luabind\src\wrapper_base.cpp">
      <Filter>LuaBind\src</Filter>
    </ClCompile>
  </ItemGroup>
  <ItemGroup>
    <ClInclude Include="lua5.1.5\lapi.h">
      <Filter>Lua5.1.5</Filter>
    </ClInclude>
    <ClInclude Include="lua5.1.5\lauxlib.h">
      <Filter>Lua5.1.5</Filter>
    </ClInclude>
    <ClInclude Include="lua5.1.5\lcode.h">
      <Filter>Lua5.1.5</Filter>
    </ClInclude>
    <ClInclude Include="lua5.1.5\ldebug.h">
      <Filter>Lua5.1.5</Filter>
    </ClInclude>
    <ClInclude Include="lua5.1.5\ldo.h">
      <Filter>Lua5.1.5</Filter>
    </ClInclude>
    <ClInclude Include="lua5.1.5\lfunc.h">
      <Filter>Lua5.1.5</Filter>
    </ClInclude>
    <ClInclude Include="lua5.1.5\lgc.h">
      <Filter>Lua5.1.5</Filter>
    </ClInclude>
    <ClInclude Include="lua5.1.5\llex.h">
      <Filter>Lua5.1.5</Filter>
    </ClInclude>
    <ClInclude Include="lua5.1.5\llimits.h">
      <Filter>Lua5.1.5</Filter>
    </ClInclude>
    <ClInclude Include="lua5.1.5\lmem.h">
      <Filter>Lua5.1.5</Filter>
    </ClInclude>
    <ClInclude Include="lua5.1.5\lobject.h">
      <Filter>Lua5.1.5</Filter>
    </ClInclude>
    <ClInclude Include="lua5.1.5\lopcodes.h">
      <Filter>Lua5.1.5</Filter>
    </ClInclude>
    <ClInclude Include="lua5.1.5\lparser.h">
      <Filter>Lua5.1.5</Filter>
    </ClInclude>
    <ClInclude Include="lua5.1.5\lstate.h">
      <Filter>Lua5.1.5</Filter>
    </ClInclude>
    <ClInclude Include="lua5.1.5\lstring.h">
      <Filter>Lua5.1.5</Filter>
    </ClInclude>
    <ClInclude Include="lua5.1.5\ltable.h">
      <Filter>Lua5.1.5</Filter>
    </ClInclude>
    <ClInclude Include="lua5.1.5\ltm.h">
      <Filter>Lua5.1.5</Filter>
    </ClInclude>
    <ClInclude Include="lua5.1.5\lua.h">
      <Filter>Lua5.1.5</Filter>
    </ClInclude>
    <ClInclude Include="lua5.1.5\luaconf.h">
      <Filter>Lua5.1.5</Filter>
    </ClInclude>
    <ClInclude Include="lua5.1.5\lualib.h">
      <Filter>Lua5.1.5</Filter>
    </ClInclude>
    <ClInclude Include="lua5.1.5\lundump.h">
      <Filter>Lua5.1.5</Filter>
    </ClInclude>
    <ClInclude Include="lua5.1.5\lvm.h">
      <Filter>Lua5.1.5</Filter>
    </ClInclude>
    <ClInclude Include="lua5.1.5\lzio.h">
      <Filter>Lua5.1.5</Filter>
    </ClInclude>
    <ClInclude Include="luabind\adopt_policy.hpp">
      <Filter>LuaBind</Filter>
    </ClInclude>
    <ClInclude Include="luabind\back_reference.hpp">
      <Filter>LuaBind</Filter>
    </ClInclude>
    <ClInclude Include="luabind\back_reference_fwd.hpp">
      <Filter>LuaBind</Filter>
    </ClInclude>
    <ClInclude Include="luabind\class.hpp">
      <Filter>LuaBind</Filter>
    </ClInclude>
    <ClInclude Include="luabind\class_info.hpp">
      <Filter>LuaBind</Filter>
    </ClInclude>
    <ClInclude Include="luabind\config.hpp">
      <Filter>LuaBind</Filter>
    </ClInclude>
    <ClInclude Include="luabind\container_policy.hpp">
      <Filter>LuaBind</Filter>
    </ClInclude>
    <ClInclude Include="luabind\copy_policy.hpp">
      <Filter>LuaBind</Filter>
    </ClInclude>
    <ClInclude Include="luabind\dependency_policy.hpp">
      <Filter>LuaBind</Filter>
    </ClInclude>
    <ClInclude Include="luabind\discard_result_policy.hpp">
      <Filter>LuaBind</Filter>
    </ClInclude>
    <ClInclude Include="luabind\error.hpp">
      <Filter>LuaBind</Filter>
    </ClInclude>
    <ClInclude Include="luabind\exception_handler.hpp">
      <Filter>LuaBind</Filter>
    </ClInclude>
    <ClInclude Include="luabind\from_stack.hpp">
      <Filter>LuaBind</Filter>
    </ClInclude>
    <ClInclude Include="luabind\function.hpp">
      <Filter>LuaBind</Filter>
    </ClInclude>
    <ClInclude Include="luabind\get_main_thread.hpp">
      <Filter>LuaBind</Filter>
    </ClInclude>
    <ClInclude Include="luabind\get_pointer.hpp">
      <Filter>LuaBind</Filter>
    </ClInclude>
    <ClInclude Include="luabind\handle.hpp">
      <Filter>LuaBind</Filter>
    </ClInclude>
    <ClInclude Include="luabind\iterator_policy.hpp">
      <Filter>LuaBind</Filter>
    </ClInclude>
    <ClInclude Include="luabind\lua_include.hpp">
      <Filter>LuaBind</Filter>
    </ClInclude>
    <ClInclude Include="luabind\luabind.hpp">
      <Filter>LuaBind</Filter>
    </ClInclude>
    <ClInclude Include="luabind\make_function.hpp">
      <Filter>LuaBind</Filter>
    </ClInclude>
    <ClInclude Include="luabind\nil.hpp">
      <Filter>LuaBind</Filter>
    </ClInclude>
    <ClInclude Include="luabind\object.hpp">
      <Filter>LuaBind</Filter>
    </ClInclude>
    <ClInclude Include="luabind\open.hpp">
      <Filter>LuaBind</Filter>
    </ClInclude>
    <ClInclude Include="luabind\operator.hpp">
      <Filter>LuaBind</Filter>
    </ClInclude>
    <ClInclude Include="luabind\out_value_policy.hpp">
      <Filter>LuaBind</Filter>
    </ClInclude>
    <ClInclude Include="luabind\prefix.hpp">
      <Filter>LuaBind</Filter>
    </ClInclude>
    <ClInclude Include="luabind\raw_policy.hpp">
      <Filter>LuaBind</Filter>
    </ClInclude>
    <ClInclude Include="luabind\return_reference_to_policy.hpp">
      <Filter>LuaBind</Filter>
    </ClInclude>
    <ClInclude Include="luabind\scope.hpp">
      <Filter>LuaBind</Filter>
    </ClInclude>
    <ClInclude Include="luabind\shared_ptr_converter.hpp">
      <Filter>LuaBind</Filter>
    </ClInclude>
    <ClInclude Include="luabind\tag_function.hpp">
      <Filter>LuaBind</Filter>
    </ClInclude>
    <ClInclude Include="luabind\typeid.hpp">
      <Filter>LuaBind</Filter>
    </ClInclude>
    <ClInclude Include="luabind\value_wrapper.hpp">
      <Filter>LuaBind</Filter>
    </ClInclude>
    <ClInclude Include="luabind\version.hpp">
      <Filter>LuaBind</Filter>
    </ClInclude>
    <ClInclude Include="luabind\weak_ref.hpp">
      <Filter>LuaBind</Filter>
    </ClInclude>
    <ClInclude Include="luabind\wrapper_base.hpp">
      <Filter>LuaBind</Filter>
    </ClInclude>
    <ClInclude Include="luabind\yield_policy.hpp">
      <Filter>LuaBind</Filter>
    </ClInclude>
    <ClInclude Include="luabind\detail\calc_arity.hpp">
      <Filter>LuaBind\detail</Filter>
    </ClInclude>
    <ClInclude Include="luabind\detail\call.hpp">
      <Filter>LuaBind\detail</Filter>
    </ClInclude>
    <ClInclude Include="luabind\detail\call_function.hpp">
      <Filter>LuaBind\detail</Filter>
    </ClInclude>
    <ClInclude Include="luabind\detail\call_member.hpp">
      <Filter>LuaBind\detail</Filter>
    </ClInclude>
    <ClInclude Include="luabind\detail\call_operator_iterate.hpp">
      <Filter>LuaBind\detail</Filter>
    </ClInclude>
    <ClInclude Include="luabind\detail\class_cache.hpp">
      <Filter>LuaBind\detail</Filter>
    </ClInclude>
    <ClInclude Include="luabind\detail\class_registry.hpp">
      <Filter>LuaBind\detail</Filter>
    </ClInclude>
    <ClInclude Include="luabind\detail\class_rep.hpp">
      <Filter>LuaBind\detail</Filter>
    </ClInclude>
    <ClInclude Include="luabind\detail\compute_score.hpp">
      <Filter>LuaBind\detail</Filter>
    </ClInclude>
    <ClInclude Include="luabind\detail\constructor.hpp">
      <Filter>LuaBind\detail</Filter>
    </ClInclude>
    <ClInclude Include="luabind\detail\conversion_storage.hpp">
      <Filter>LuaBind\detail</Filter>
    </ClInclude>
    <ClInclude Include="luabind\detail\convert_to_lua.hpp">
      <Filter>LuaBind\detail</Filter>
    </ClInclude>
    <ClInclude Include="luabind\detail\debug.hpp">
      <Filter>LuaBind\detail</Filter>
    </ClInclude>
    <ClInclude Include="luabind\detail\decorate_type.hpp">
      <Filter>LuaBind\detail</Filter>
    </ClInclude>
    <ClInclude Include="luabind\detail\deduce_signature.hpp">
      <Filter>LuaBind\detail</Filter>
    </ClInclude>
    <ClInclude Include="luabind\detail\enum_maker.hpp">
      <Filter>LuaBind\detail</Filter>
    </ClInclude>
    <ClInclude Include="luabind\detail\format_signature.hpp">
      <Filter>LuaBind\detail</Filter>
    </ClInclude>
    <ClInclude Include="luabind\detail\garbage_collector.hpp">
      <Filter>LuaBind\detail</Filter>
    </ClInclude>
    <ClInclude Include="luabind\detail\has_get_pointer.hpp">
      <Filter>LuaBind\detail</Filter>
    </ClInclude>
    <ClInclude Include="luabind\detail\inheritance.hpp">
      <Filter>LuaBind\detail</Filter>
    </ClInclude>
    <ClInclude Include="luabind\detail\instance_holder.hpp">
      <Filter>LuaBind\detail</Filter>
    </ClInclude>
    <ClInclude Include="luabind\detail\is_indirect_const.hpp">
      <Filter>LuaBind\detail</Filter>
    </ClInclude>
    <ClInclude Include="luabind\detail\link_compatibility.hpp">
      <Filter>LuaBind\detail</Filter>
    </ClInclude>
    <ClInclude Include="luabind\detail\make_instance.hpp">
      <Filter>LuaBind\detail</Filter>
    </ClInclude>
    <ClInclude Include="luabind\detail\most_derived.hpp">
      <Filter>LuaBind\detail</Filter>
    </ClInclude>
    <ClInclude Include="luabind\detail\object_call.hpp">
      <Filter>LuaBind\detail</Filter>
    </ClInclude>
    <ClInclude Include="luabind\detail\object_funs.hpp">
      <Filter>LuaBind\detail</Filter>
    </ClInclude>
    <ClInclude Include="luabind\detail\object_rep.hpp">
      <Filter>LuaBind\detail</Filter>
    </ClInclude>
    <ClInclude Include="luabind\detail\open.hpp">
      <Filter>LuaBind\detail</Filter>
    </ClInclude>
    <ClInclude Include="luabind\detail\operator_id.hpp">
      <Filter>LuaBind\detail</Filter>
    </ClInclude>
    <ClInclude Include="luabind\detail\other.hpp">
      <Filter>LuaBind\detail</Filter>
    </ClInclude>
    <ClInclude Include="luabind\detail\pcall.hpp">
      <Filter>LuaBind\detail</Filter>
    </ClInclude>
    <ClInclude Include="luabind\detail\pointee_sizeof.hpp">
      <Filter>LuaBind\detail</Filter>
    </ClInclude>
    <ClInclude Include="luabind\detail\pointee_typeid.hpp">
      <Filter>LuaBind\detail</Filter>
    </ClInclude>
    <ClInclude Include="luabind\detail\policy.hpp">
      <Filter>LuaBind\detail</Filter>
    </ClInclude>
    <ClInclude Include="luabind\detail\primitives.hpp">
      <Filter>LuaBind\detail</Filter>
    </ClInclude>
    <ClInclude Include="luabind\detail\property.hpp">
      <Filter>LuaBind\detail</Filter>
    </ClInclude>
    <ClInclude Include="luabind\detail\ref.hpp">
      <Filter>LuaBind\detail</Filter>
    </ClInclude>
    <ClInclude Include="luabind\detail\signature_match.hpp">
      <Filter>LuaBind\detail</Filter>
    </ClInclude>
    <ClInclude Include="luabind\detail\stack_utils.hpp">
      <Filter>LuaBind\detail</Filter>
    </ClInclude>
    <ClInclude Include="luabind\detail\typetraits.hpp">
      <Filter>LuaBind\detail</Filter>
    </ClInclude>
    <ClInclude Include="luabind\detail\yes_no.hpp">
      <Filter>LuaBind\detail</Filter>
    </ClInclude>
    <ClInclude Include="Linker.h" />
    <ClInclude Include="Lua.hpp" />
    <ClInclude Include="Eigen\src\Cholesky\LDLT.h">
      <Filter>Eigen\src\Cholesky</Filter>
    </ClInclude>
    <ClInclude Include="Eigen\src\Cholesky\LLT.h">
      <Filter>Eigen\src\Cholesky</Filter>
    </ClInclude>
    <ClInclude Include="Eigen\src\Cholesky\LLT_MKL.h">
      <Filter>Eigen\src\Cholesky</Filter>
    </ClInclude>
    <ClInclude Include="Eigen\src\CholmodSupport\CholmodSupport.h">
      <Filter>Eigen\src\CholmodSupport</Filter>
    </ClInclude>
    <ClInclude Include="Eigen\src\Core\Array.h">
      <Filter>Eigen\src\Core</Filter>
    </ClInclude>
    <ClInclude Include="Eigen\src\Core\ArrayBase.h">
      <Filter>Eigen\src\Core</Filter>
    </ClInclude>
    <ClInclude Include="Eigen\src\Core\ArrayWrapper.h">
      <Filter>Eigen\src\Core</Filter>
    </ClInclude>
    <ClInclude Include="Eigen\src\Core\Assign.h">
      <Filter>Eigen\src\Core</Filter>
    </ClInclude>
    <ClInclude Include="Eigen\src\Core\Assign_MKL.h">
      <Filter>Eigen\src\Core</Filter>
    </ClInclude>
    <ClInclude Include="Eigen\src\Core\BandMatrix.h">
      <Filter>Eigen\src\Core</Filter>
    </ClInclude>
    <ClInclude Include="Eigen\src\Core\Block.h">
      <Filter>Eigen\src\Core</Filter>
    </ClInclude>
    <ClInclude Include="Eigen\src\Core\BooleanRedux.h">
      <Filter>Eigen\src\Core</Filter>
    </ClInclude>
    <ClInclude Include="Eigen\src\Core\CommaInitializer.h">
      <Filter>Eigen\src\Core</Filter>
    </ClInclude>
    <ClInclude Include="Eigen\src\Core\CoreIterators.h">
      <Filter>Eigen\src\Core</Filter>
    </ClInclude>
    <ClInclude Include="Eigen\src\Core\CwiseBinaryOp.h">
      <Filter>Eigen\src\Core</Filter>
    </ClInclude>
    <ClInclude Include="Eigen\src\Core\CwiseNullaryOp.h">
      <Filter>Eigen\src\Core</Filter>
    </ClInclude>
    <ClInclude Include="Eigen\src\Core\CwiseUnaryOp.h">
      <Filter>Eigen\src\Core</Filter>
    </ClInclude>
    <ClInclude Include="Eigen\src\Core\CwiseUnaryView.h">
      <Filter>Eigen\src\Core</Filter>
    </ClInclude>
    <ClInclude Include="Eigen\src\Core\DenseBase.h">
      <Filter>Eigen\src\Core</Filter>
    </ClInclude>
    <ClInclude Include="Eigen\src\Core\DenseCoeffsBase.h">
      <Filter>Eigen\src\Core</Filter>
    </ClInclude>
    <ClInclude Include="Eigen\src\Core\DenseStorage.h">
      <Filter>Eigen\src\Core</Filter>
    </ClInclude>
    <ClInclude Include="Eigen\src\Core\Diagonal.h">
      <Filter>Eigen\src\Core</Filter>
    </ClInclude>
    <ClInclude Include="Eigen\src\Core\DiagonalMatrix.h">
      <Filter>Eigen\src\Core</Filter>
    </ClInclude>
    <ClInclude Include="Eigen\src\Core\DiagonalProduct.h">
      <Filter>Eigen\src\Core</Filter>
    </ClInclude>
    <ClInclude Include="Eigen\src\Core\Dot.h">
      <Filter>Eigen\src\Core</Filter>
    </ClInclude>
    <ClInclude Include="Eigen\src\Core\EigenBase.h">
      <Filter>Eigen\src\Core</Filter>
    </ClInclude>
    <ClInclude Include="Eigen\src\Core\Flagged.h">
      <Filter>Eigen\src\Core</Filter>
    </ClInclude>
    <ClInclude Include="Eigen\src\Core\ForceAlignedAccess.h">
      <Filter>Eigen\src\Core</Filter>
    </ClInclude>
    <ClInclude Include="Eigen\src\Core\Functors.h">
      <Filter>Eigen\src\Core</Filter>
    </ClInclude>
    <ClInclude Include="Eigen\src\Core\Fuzzy.h">
      <Filter>Eigen\src\Core</Filter>
    </ClInclude>
    <ClInclude Include="Eigen\src\Core\GeneralProduct.h">
      <Filter>Eigen\src\Core</Filter>
    </ClInclude>
    <ClInclude Include="Eigen\src\Core\GenericPacketMath.h">
      <Filter>Eigen\src\Core</Filter>
    </ClInclude>
    <ClInclude Include="Eigen\src\Core\GlobalFunctions.h">
      <Filter>Eigen\src\Core</Filter>
    </ClInclude>
    <ClInclude Include="Eigen\src\Core\IO.h">
      <Filter>Eigen\src\Core</Filter>
    </ClInclude>
    <ClInclude Include="Eigen\src\Core\Map.h">
      <Filter>Eigen\src\Core</Filter>
    </ClInclude>
    <ClInclude Include="Eigen\src\Core\MapBase.h">
      <Filter>Eigen\src\Core</Filter>
    </ClInclude>
    <ClInclude Include="Eigen\src\Core\MathFunctions.h">
      <Filter>Eigen\src\Core</Filter>
    </ClInclude>
    <ClInclude Include="Eigen\src\Core\Matrix.h">
      <Filter>Eigen\src\Core</Filter>
    </ClInclude>
    <ClInclude Include="Eigen\src\Core\MatrixBase.h">
      <Filter>Eigen\src\Core</Filter>
    </ClInclude>
    <ClInclude Include="Eigen\src\Core\NestByValue.h">
      <Filter>Eigen\src\Core</Filter>
    </ClInclude>
    <ClInclude Include="Eigen\src\Core\NoAlias.h">
      <Filter>Eigen\src\Core</Filter>
    </ClInclude>
    <ClInclude Include="Eigen\src\Core\NumTraits.h">
      <Filter>Eigen\src\Core</Filter>
    </ClInclude>
    <ClInclude Include="Eigen\src\Core\PermutationMatrix.h">
      <Filter>Eigen\src\Core</Filter>
    </ClInclude>
    <ClInclude Include="Eigen\src\Core\PlainObjectBase.h">
      <Filter>Eigen\src\Core</Filter>
    </ClInclude>
    <ClInclude Include="Eigen\src\Core\ProductBase.h">
      <Filter>Eigen\src\Core</Filter>
    </ClInclude>
    <ClInclude Include="Eigen\src\Core\Random.h">
      <Filter>Eigen\src\Core</Filter>
    </ClInclude>
    <ClInclude Include="Eigen\src\Core\Redux.h">
      <Filter>Eigen\src\Core</Filter>
    </ClInclude>
    <ClInclude Include="Eigen\src\Core\Ref.h">
      <Filter>Eigen\src\Core</Filter>
    </ClInclude>
    <ClInclude Include="Eigen\src\Core\Replicate.h">
      <Filter>Eigen\src\Core</Filter>
    </ClInclude>
    <ClInclude Include="Eigen\src\Core\ReturnByValue.h">
      <Filter>Eigen\src\Core</Filter>
    </ClInclude>
    <ClInclude Include="Eigen\src\Core\Reverse.h">
      <Filter>Eigen\src\Core</Filter>
    </ClInclude>
    <ClInclude Include="Eigen\src\Core\Select.h">
      <Filter>Eigen\src\Core</Filter>
    </ClInclude>
    <ClInclude Include="Eigen\src\Core\SelfAdjointView.h">
      <Filter>Eigen\src\Core</Filter>
    </ClInclude>
    <ClInclude Include="Eigen\src\Core\SelfCwiseBinaryOp.h">
      <Filter>Eigen\src\Core</Filter>
    </ClInclude>
    <ClInclude Include="Eigen\src\Core\SolveTriangular.h">
      <Filter>Eigen\src\Core</Filter>
    </ClInclude>
    <ClInclude Include="Eigen\src\Core\StableNorm.h">
      <Filter>Eigen\src\Core</Filter>
    </ClInclude>
    <ClInclude Include="Eigen\src\Core\Stride.h">
      <Filter>Eigen\src\Core</Filter>
    </ClInclude>
    <ClInclude Include="Eigen\src\Core\Swap.h">
      <Filter>Eigen\src\Core</Filter>
    </ClInclude>
    <ClInclude Include="Eigen\src\Core\Transpose.h">
      <Filter>Eigen\src\Core</Filter>
    </ClInclude>
    <ClInclude Include="Eigen\src\Core\Transpositions.h">
      <Filter>Eigen\src\Core</Filter>
    </ClInclude>
    <ClInclude Include="Eigen\src\Core\TriangularMatrix.h">
      <Filter>Eigen\src\Core</Filter>
    </ClInclude>
    <ClInclude Include="Eigen\src\Core\VectorBlock.h">
      <Filter>Eigen\src\Core</Filter>
    </ClInclude>
    <ClInclude Include="Eigen\src\Core\VectorwiseOp.h">
      <Filter>Eigen\src\Core</Filter>
    </ClInclude>
    <ClInclude Include="Eigen\src\Core\Visitor.h">
      <Filter>Eigen\src\Core</Filter>
    </ClInclude>
    <ClInclude Include="Eigen\src\Core\util\BlasUtil.h">
      <Filter>Eigen\src\Core\util</Filter>
    </ClInclude>
    <ClInclude Include="Eigen\src\Core\util\Constants.h">
      <Filter>Eigen\src\Core\util</Filter>
    </ClInclude>
    <ClInclude Include="Eigen\src\Core\util\DisableStupidWarnings.h">
      <Filter>Eigen\src\Core\util</Filter>
    </ClInclude>
    <ClInclude Include="Eigen\src\Core\util\ForwardDeclarations.h">
      <Filter>Eigen\src\Core\util</Filter>
    </ClInclude>
    <ClInclude Include="Eigen\src\Core\util\Macros.h">
      <Filter>Eigen\src\Core\util</Filter>
    </ClInclude>
    <ClInclude Include="Eigen\src\Core\util\Memory.h">
      <Filter>Eigen\src\Core\util</Filter>
    </ClInclude>
    <ClInclude Include="Eigen\src\Core\util\Meta.h">
      <Filter>Eigen\src\Core\util</Filter>
    </ClInclude>
    <ClInclude Include="Eigen\src\Core\util\MKL_support.h">
      <Filter>Eigen\src\Core\util</Filter>
    </ClInclude>
    <ClInclude Include="Eigen\src\Core\util\NonMPL2.h">
      <Filter>Eigen\src\Core\util</Filter>
    </ClInclude>
    <ClInclude Include="Eigen\src\Core\util\ReenableStupidWarnings.h">
      <Filter>Eigen\src\Core\util</Filter>
    </ClInclude>
    <ClInclude Include="Eigen\src\Core\util\StaticAssert.h">
      <Filter>Eigen\src\Core\util</Filter>
    </ClInclude>
    <ClInclude Include="Eigen\src\Core\util\XprHelper.h">
      <Filter>Eigen\src\Core\util</Filter>
    </ClInclude>
    <ClInclude Include="Eigen\src\Core\products\CoeffBasedProduct.h">
      <Filter>Eigen\src\Core\products</Filter>
    </ClInclude>
    <ClInclude Include="Eigen\src\Core\products\GeneralBlockPanelKernel.h">
      <Filter>Eigen\src\Core\products</Filter>
    </ClInclude>
    <ClInclude Include="Eigen\src\Core\products\GeneralMatrixMatrix.h">
      <Filter>Eigen\src\Core\products</Filter>
    </ClInclude>
    <ClInclude Include="Eigen\src\Core\products\GeneralMatrixMatrix_MKL.h">
      <Filter>Eigen\src\Core\products</Filter>
    </ClInclude>
    <ClInclude Include="Eigen\src\Core\products\GeneralMatrixMatrixTriangular.h">
      <Filter>Eigen\src\Core\products</Filter>
    </ClInclude>
    <ClInclude Include="Eigen\src\Core\products\GeneralMatrixMatrixTriangular_MKL.h">
      <Filter>Eigen\src\Core\products</Filter>
    </ClInclude>
    <ClInclude Include="Eigen\src\Core\products\GeneralMatrixVector.h">
      <Filter>Eigen\src\Core\products</Filter>
    </ClInclude>
    <ClInclude Include="Eigen\src\Core\products\GeneralMatrixVector_MKL.h">
      <Filter>Eigen\src\Core\products</Filter>
    </ClInclude>
    <ClInclude Include="Eigen\src\Core\products\Parallelizer.h">
      <Filter>Eigen\src\Core\products</Filter>
    </ClInclude>
    <ClInclude Include="Eigen\src\Core\products\SelfadjointMatrixMatrix.h">
      <Filter>Eigen\src\Core\products</Filter>
    </ClInclude>
    <ClInclude Include="Eigen\src\Core\products\SelfadjointMatrixMatrix_MKL.h">
      <Filter>Eigen\src\Core\products</Filter>
    </ClInclude>
    <ClInclude Include="Eigen\src\Core\products\SelfadjointMatrixVector.h">
      <Filter>Eigen\src\Core\products</Filter>
    </ClInclude>
    <ClInclude Include="Eigen\src\Core\products\SelfadjointMatrixVector_MKL.h">
      <Filter>Eigen\src\Core\products</Filter>
    </ClInclude>
    <ClInclude Include="Eigen\src\Core\products\SelfadjointProduct.h">
      <Filter>Eigen\src\Core\products</Filter>
    </ClInclude>
    <ClInclude Include="Eigen\src\Core\products\SelfadjointRank2Update.h">
      <Filter>Eigen\src\Core\products</Filter>
    </ClInclude>
    <ClInclude Include="Eigen\src\Core\products\TriangularMatrixMatrix.h">
      <Filter>Eigen\src\Core\products</Filter>
    </ClInclude>
    <ClInclude Include="Eigen\src\Core\products\TriangularMatrixMatrix_MKL.h">
      <Filter>Eigen\src\Core\products</Filter>
    </ClInclude>
    <ClInclude Include="Eigen\src\Core\products\TriangularMatrixVector.h">
      <Filter>Eigen\src\Core\products</Filter>
    </ClInclude>
    <ClInclude Include="Eigen\src\Core\products\TriangularMatrixVector_MKL.h">
      <Filter>Eigen\src\Core\products</Filter>
    </ClInclude>
    <ClInclude Include="Eigen\src\Core\products\TriangularSolverMatrix.h">
      <Filter>Eigen\src\Core\products</Filter>
    </ClInclude>
    <ClInclude Include="Eigen\src\Core\products\TriangularSolverMatrix_MKL.h">
      <Filter>Eigen\src\Core\products</Filter>
    </ClInclude>
    <ClInclude Include="Eigen\src\Core\products\TriangularSolverVector.h">
      <Filter>Eigen\src\Core\products</Filter>
    </ClInclude>
    <ClInclude Include="Eigen\src\Core\arch\AltiVec\Complex.h">
      <Filter>Eigen\src\Core\arch\AltiVec</Filter>
    </ClInclude>
    <ClInclude Include="Eigen\src\Core\arch\AltiVec\PacketMath.h">
      <Filter>Eigen\src\Core\arch\AltiVec</Filter>
    </ClInclude>
    <ClInclude Include="Eigen\src\Core\arch\Default\Settings.h">
      <Filter>Eigen\src\Core\arch\Default</Filter>
    </ClInclude>
    <ClInclude Include="Eigen\src\Core\arch\NEON\Complex.h">
      <Filter>Eigen\src\Core\arch\NEON</Filter>
    </ClInclude>
    <ClInclude Include="Eigen\src\Core\arch\NEON\PacketMath.h">
      <Filter>Eigen\src\Core\arch\NEON</Filter>
    </ClInclude>
    <ClInclude Include="Eigen\src\Core\arch\SSE\Complex.h">
      <Filter>Eigen\src\Core\arch\SSE</Filter>
    </ClInclude>
    <ClInclude Include="Eigen\src\Core\arch\SSE\MathFunctions.h">
      <Filter>Eigen\src\Core\arch\SSE</Filter>
    </ClInclude>
    <ClInclude Include="Eigen\src\Core\arch\SSE\PacketMath.h">
      <Filter>Eigen\src\Core\arch\SSE</Filter>
    </ClInclude>
    <ClInclude Include="Eigen\src\Eigen2Support\Geometry\AlignedBox.h">
      <Filter>Eigen\src\Eigen2Support\Geometry</Filter>
    </ClInclude>
    <ClInclude Include="Eigen\src\Eigen2Support\Geometry\All.h">
      <Filter>Eigen\src\Eigen2Support\Geometry</Filter>
    </ClInclude>
    <ClInclude Include="Eigen\src\Eigen2Support\Geometry\AngleAxis.h">
      <Filter>Eigen\src\Eigen2Support\Geometry</Filter>
    </ClInclude>
    <ClInclude Include="Eigen\src\Eigen2Support\Geometry\Hyperplane.h">
      <Filter>Eigen\src\Eigen2Support\Geometry</Filter>
    </ClInclude>
    <ClInclude Include="Eigen\src\Eigen2Support\Geometry\ParametrizedLine.h">
      <Filter>Eigen\src\Eigen2Support\Geometry</Filter>
    </ClInclude>
    <ClInclude Include="Eigen\src\Eigen2Support\Geometry\Quaternion.h">
      <Filter>Eigen\src\Eigen2Support\Geometry</Filter>
    </ClInclude>
    <ClInclude Include="Eigen\src\Eigen2Support\Geometry\Rotation2D.h">
      <Filter>Eigen\src\Eigen2Support\Geometry</Filter>
    </ClInclude>
    <ClInclude Include="Eigen\src\Eigen2Support\Geometry\RotationBase.h">
      <Filter>Eigen\src\Eigen2Support\Geometry</Filter>
    </ClInclude>
    <ClInclude Include="Eigen\src\Eigen2Support\Geometry\Scaling.h">
      <Filter>Eigen\src\Eigen2Support\Geometry</Filter>
    </ClInclude>
    <ClInclude Include="Eigen\src\Eigen2Support\Geometry\Transform.h">
      <Filter>Eigen\src\Eigen2Support\Geometry</Filter>
    </ClInclude>
    <ClInclude Include="Eigen\src\Eigen2Support\Geometry\Translation.h">
      <Filter>Eigen\src\Eigen2Support\Geometry</Filter>
    </ClInclude>
    <ClInclude Include="Eigen\src\Eigen2Support\Block.h">
      <Filter>Eigen\src\Eigen2Support</Filter>
    </ClInclude>
    <ClInclude Include="Eigen\src\Eigen2Support\Cwise.h">
      <Filter>Eigen\src\Eigen2Support</Filter>
    </ClInclude>
    <ClInclude Include="Eigen\src\Eigen2Support\CwiseOperators.h">
      <Filter>Eigen\src\Eigen2Support</Filter>
    </ClInclude>
    <ClInclude Include="Eigen\src\Eigen2Support\Lazy.h">
      <Filter>Eigen\src\Eigen2Support</Filter>
    </ClInclude>
    <ClInclude Include="Eigen\src\Eigen2Support\LeastSquares.h">
      <Filter>Eigen\src\Eigen2Support</Filter>
    </ClInclude>
    <ClInclude Include="Eigen\src\Eigen2Support\LU.h">
      <Filter>Eigen\src\Eigen2Support</Filter>
    </ClInclude>
    <ClInclude Include="Eigen\src\Eigen2Support\Macros.h">
      <Filter>Eigen\src\Eigen2Support</Filter>
    </ClInclude>
    <ClInclude Include="Eigen\src\Eigen2Support\MathFunctions.h">
      <Filter>Eigen\src\Eigen2Support</Filter>
    </ClInclude>
    <ClInclude Include="Eigen\src\Eigen2Support\Memory.h">
      <Filter>Eigen\src\Eigen2Support</Filter>
    </ClInclude>
    <ClInclude Include="Eigen\src\Eigen2Support\Meta.h">
      <Filter>Eigen\src\Eigen2Support</Filter>
    </ClInclude>
    <ClInclude Include="Eigen\src\Eigen2Support\Minor.h">
      <Filter>Eigen\src\Eigen2Support</Filter>
    </ClInclude>
    <ClInclude Include="Eigen\src\Eigen2Support\QR.h">
      <Filter>Eigen\src\Eigen2Support</Filter>
    </ClInclude>
    <ClInclude Include="Eigen\src\Eigen2Support\SVD.h">
      <Filter>Eigen\src\Eigen2Support</Filter>
    </ClInclude>
    <ClInclude Include="Eigen\src\Eigen2Support\TriangularSolver.h">
      <Filter>Eigen\src\Eigen2Support</Filter>
    </ClInclude>
    <ClInclude Include="Eigen\src\Eigen2Support\VectorBlock.h">
      <Filter>Eigen\src\Eigen2Support</Filter>
    </ClInclude>
    <ClInclude Include="Eigen\src\Eigenvalues\ComplexEigenSolver.h">
      <Filter>Eigen\src\Eigenvalues</Filter>
    </ClInclude>
    <ClInclude Include="Eigen\src\Eigenvalues\ComplexSchur.h">
      <Filter>Eigen\src\Eigenvalues</Filter>
    </ClInclude>
    <ClInclude Include="Eigen\src\Eigenvalues\ComplexSchur_MKL.h">
      <Filter>Eigen\src\Eigenvalues</Filter>
    </ClInclude>
    <ClInclude Include="Eigen\src\Eigenvalues\EigenSolver.h">
      <Filter>Eigen\src\Eigenvalues</Filter>
    </ClInclude>
    <ClInclude Include="Eigen\src\Eigenvalues\GeneralizedEigenSolver.h">
      <Filter>Eigen\src\Eigenvalues</Filter>
    </ClInclude>
    <ClInclude Include="Eigen\src\Eigenvalues\GeneralizedSelfAdjointEigenSolver.h">
      <Filter>Eigen\src\Eigenvalues</Filter>
    </ClInclude>
    <ClInclude Include="Eigen\src\Eigenvalues\HessenbergDecomposition.h">
      <Filter>Eigen\src\Eigenvalues</Filter>
    </ClInclude>
    <ClInclude Include="Eigen\src\Eigenvalues\MatrixBaseEigenvalues.h">
      <Filter>Eigen\src\Eigenvalues</Filter>
    </ClInclude>
    <ClInclude Include="Eigen\src\Eigenvalues\RealQZ.h">
      <Filter>Eigen\src\Eigenvalues</Filter>
    </ClInclude>
    <ClInclude Include="Eigen\src\Eigenvalues\RealSchur.h">
      <Filter>Eigen\src\Eigenvalues</Filter>
    </ClInclude>
    <ClInclude Include="Eigen\src\Eigenvalues\RealSchur_MKL.h">
      <Filter>Eigen\src\Eigenvalues</Filter>
    </ClInclude>
    <ClInclude Include="Eigen\src\Eigenvalues\SelfAdjointEigenSolver.h">
      <Filter>Eigen\src\Eigenvalues</Filter>
    </ClInclude>
    <ClInclude Include="Eigen\src\Eigenvalues\SelfAdjointEigenSolver_MKL.h">
      <Filter>Eigen\src\Eigenvalues</Filter>
    </ClInclude>
    <ClInclude Include="Eigen\src\Eigenvalues\Tridiagonalization.h">
      <Filter>Eigen\src\Eigenvalues</Filter>
    </ClInclude>
    <ClInclude Include="Eigen\src\Geometry\AlignedBox.h">
      <Filter>Eigen\src\Geometry</Filter>
    </ClInclude>
    <ClInclude Include="Eigen\src\Geometry\AngleAxis.h">
      <Filter>Eigen\src\Geometry</Filter>
    </ClInclude>
    <ClInclude Include="Eigen\src\Geometry\EulerAngles.h">
      <Filter>Eigen\src\Geometry</Filter>
    </ClInclude>
    <ClInclude Include="Eigen\src\Geometry\Homogeneous.h">
      <Filter>Eigen\src\Geometry</Filter>
    </ClInclude>
    <ClInclude Include="Eigen\src\Geometry\Hyperplane.h">
      <Filter>Eigen\src\Geometry</Filter>
    </ClInclude>
    <ClInclude Include="Eigen\src\Geometry\OrthoMethods.h">
      <Filter>Eigen\src\Geometry</Filter>
    </ClInclude>
    <ClInclude Include="Eigen\src\Geometry\ParametrizedLine.h">
      <Filter>Eigen\src\Geometry</Filter>
    </ClInclude>
    <ClInclude Include="Eigen\src\Geometry\Quaternion.h">
      <Filter>Eigen\src\Geometry</Filter>
    </ClInclude>
    <ClInclude Include="Eigen\src\Geometry\Rotation2D.h">
      <Filter>Eigen\src\Geometry</Filter>
    </ClInclude>
    <ClInclude Include="Eigen\src\Geometry\RotationBase.h">
      <Filter>Eigen\src\Geometry</Filter>
    </ClInclude>
    <ClInclude Include="Eigen\src\Geometry\Scaling.h">
      <Filter>Eigen\src\Geometry</Filter>
    </ClInclude>
    <ClInclude Include="Eigen\src\Geometry\Transform.h">
      <Filter>Eigen\src\Geometry</Filter>
    </ClInclude>
    <ClInclude Include="Eigen\src\Geometry\Translation.h">
      <Filter>Eigen\src\Geometry</Filter>
    </ClInclude>
    <ClInclude Include="Eigen\src\Geometry\Umeyama.h">
      <Filter>Eigen\src\Geometry</Filter>
    </ClInclude>
    <ClInclude Include="Eigen\src\Geometry\arch\Geometry_SSE.h">
      <Filter>Eigen\src\Geometry\arch</Filter>
    </ClInclude>
    <ClInclude Include="Eigen\src\Householder\BlockHouseholder.h">
      <Filter>Eigen\src\Householder</Filter>
    </ClInclude>
    <ClInclude Include="Eigen\src\Householder\Householder.h">
      <Filter>Eigen\src\Householder</Filter>
    </ClInclude>
    <ClInclude Include="Eigen\src\Householder\HouseholderSequence.h">
      <Filter>Eigen\src\Householder</Filter>
    </ClInclude>
    <ClInclude Include="Eigen\src\IterativeLinearSolvers\BasicPreconditioners.h">
      <Filter>Eigen\src\IterativeLinearSolvers</Filter>
    </ClInclude>
    <ClInclude Include="Eigen\src\IterativeLinearSolvers\BiCGSTAB.h">
      <Filter>Eigen\src\IterativeLinearSolvers</Filter>
    </ClInclude>
    <ClInclude Include="Eigen\src\IterativeLinearSolvers\ConjugateGradient.h">
      <Filter>Eigen\src\IterativeLinearSolvers</Filter>
    </ClInclude>
    <ClInclude Include="Eigen\src\IterativeLinearSolvers\IncompleteLUT.h">
      <Filter>Eigen\src\IterativeLinearSolvers</Filter>
    </ClInclude>
    <ClInclude Include="Eigen\src\IterativeLinearSolvers\IterativeSolverBase.h">
      <Filter>Eigen\src\IterativeLinearSolvers</Filter>
    </ClInclude>
    <ClInclude Include="Eigen\src\Jacobi\Jacobi.h">
      <Filter>Eigen\src\Jacobi</Filter>
    </ClInclude>
    <ClInclude Include="Eigen\src\LU\arch\Inverse_SSE.h">
      <Filter>Eigen\src\LU\arch</Filter>
    </ClInclude>
    <ClInclude Include="Eigen\src\LU\Determinant.h">
      <Filter>Eigen\src\LU</Filter>
    </ClInclude>
    <ClInclude Include="Eigen\src\LU\FullPivLU.h">
      <Filter>Eigen\src\LU</Filter>
    </ClInclude>
    <ClInclude Include="Eigen\src\LU\Inverse.h">
      <Filter>Eigen\src\LU</Filter>
    </ClInclude>
    <ClInclude Include="Eigen\src\LU\PartialPivLU.h">
      <Filter>Eigen\src\LU</Filter>
    </ClInclude>
    <ClInclude Include="Eigen\src\LU\PartialPivLU_MKL.h">
      <Filter>Eigen\src\LU</Filter>
    </ClInclude>
    <ClInclude Include="Eigen\src\MetisSupport\MetisSupport.h">
      <Filter>Eigen\src\MetisSupport</Filter>
    </ClInclude>
    <ClInclude Include="Eigen\src\misc\blas.h">
      <Filter>Eigen\src\misc</Filter>
    </ClInclude>
    <ClInclude Include="Eigen\src\misc\Image.h">
      <Filter>Eigen\src\misc</Filter>
    </ClInclude>
    <ClInclude Include="Eigen\src\misc\Kernel.h">
      <Filter>Eigen\src\misc</Filter>
    </ClInclude>
    <ClInclude Include="Eigen\src\misc\Solve.h">
      <Filter>Eigen\src\misc</Filter>
    </ClInclude>
    <ClInclude Include="Eigen\src\misc\SparseSolve.h">
      <Filter>Eigen\src\misc</Filter>
    </ClInclude>
    <ClInclude Include="Eigen\src\OrderingMethods\Amd.h">
      <Filter>Eigen\src\OrderingMethods</Filter>
    </ClInclude>
    <ClInclude Include="Eigen\src\OrderingMethods\Eigen_Colamd.h">
      <Filter>Eigen\src\OrderingMethods</Filter>
    </ClInclude>
    <ClInclude Include="Eigen\src\OrderingMethods\Ordering.h">
      <Filter>Eigen\src\OrderingMethods</Filter>
    </ClInclude>
    <ClInclude Include="Eigen\src\PardisoSupport\PardisoSupport.h">
      <Filter>Eigen\src\PardisoSupport</Filter>
    </ClInclude>
    <ClInclude Include="Eigen\src\PaStiXSupport\PaStiXSupport.h">
      <Filter>Eigen\src\PaStiXSupport</Filter>
    </ClInclude>
    <ClInclude Include="Eigen\src\plugins\ArrayCwiseBinaryOps.h">
      <Filter>Eigen\src\plugins</Filter>
    </ClInclude>
    <ClInclude Include="Eigen\src\plugins\ArrayCwiseUnaryOps.h">
      <Filter>Eigen\src\plugins</Filter>
    </ClInclude>
    <ClInclude Include="Eigen\src\plugins\BlockMethods.h">
      <Filter>Eigen\src\plugins</Filter>
    </ClInclude>
    <ClInclude Include="Eigen\src\plugins\CommonCwiseBinaryOps.h">
      <Filter>Eigen\src\plugins</Filter>
    </ClInclude>
    <ClInclude Include="Eigen\src\plugins\CommonCwiseUnaryOps.h">
      <Filter>Eigen\src\plugins</Filter>
    </ClInclude>
    <ClInclude Include="Eigen\src\plugins\MatrixCwiseBinaryOps.h">
      <Filter>Eigen\src\plugins</Filter>
    </ClInclude>
    <ClInclude Include="Eigen\src\plugins\MatrixCwiseUnaryOps.h">
      <Filter>Eigen\src\plugins</Filter>
    </ClInclude>
    <ClInclude Include="Eigen\src\QR\ColPivHouseholderQR.h">
      <Filter>Eigen\src\QR</Filter>
    </ClInclude>
    <ClInclude Include="Eigen\src\QR\ColPivHouseholderQR_MKL.h">
      <Filter>Eigen\src\QR</Filter>
    </ClInclude>
    <ClInclude Include="Eigen\src\QR\FullPivHouseholderQR.h">
      <Filter>Eigen\src\QR</Filter>
    </ClInclude>
    <ClInclude Include="Eigen\src\QR\HouseholderQR.h">
      <Filter>Eigen\src\QR</Filter>
    </ClInclude>
    <ClInclude Include="Eigen\src\QR\HouseholderQR_MKL.h">
      <Filter>Eigen\src\QR</Filter>
    </ClInclude>
    <ClInclude Include="Eigen\src\SparseCholesky\SimplicialCholesky.h">
      <Filter>Eigen\src\SparseCholesky</Filter>
    </ClInclude>
    <ClInclude Include="Eigen\src\SparseCholesky\SimplicialCholesky_impl.h">
      <Filter>Eigen\src\SparseCholesky</Filter>
    </ClInclude>
    <ClInclude Include="Eigen\src\SparseCore\AmbiVector.h">
      <Filter>Eigen\src\SparseCore</Filter>
    </ClInclude>
    <ClInclude Include="Eigen\src\SparseCore\CompressedStorage.h">
      <Filter>Eigen\src\SparseCore</Filter>
    </ClInclude>
    <ClInclude Include="Eigen\src\SparseCore\ConservativeSparseSparseProduct.h">
      <Filter>Eigen\src\SparseCore</Filter>
    </ClInclude>
    <ClInclude Include="Eigen\src\SparseCore\MappedSparseMatrix.h">
      <Filter>Eigen\src\SparseCore</Filter>
    </ClInclude>
    <ClInclude Include="Eigen\src\SparseCore\SparseBlock.h">
      <Filter>Eigen\src\SparseCore</Filter>
    </ClInclude>
    <ClInclude Include="Eigen\src\SparseCore\SparseColEtree.h">
      <Filter>Eigen\src\SparseCore</Filter>
    </ClInclude>
    <ClInclude Include="Eigen\src\SparseCore\SparseCwiseBinaryOp.h">
      <Filter>Eigen\src\SparseCore</Filter>
    </ClInclude>
    <ClInclude Include="Eigen\src\SparseCore\SparseCwiseUnaryOp.h">
      <Filter>Eigen\src\SparseCore</Filter>
    </ClInclude>
    <ClInclude Include="Eigen\src\SparseCore\SparseDenseProduct.h">
      <Filter>Eigen\src\SparseCore</Filter>
    </ClInclude>
    <ClInclude Include="Eigen\src\SparseCore\SparseDiagonalProduct.h">
      <Filter>Eigen\src\SparseCore</Filter>
    </ClInclude>
    <ClInclude Include="Eigen\src\SparseCore\SparseDot.h">
      <Filter>Eigen\src\SparseCore</Filter>
    </ClInclude>
    <ClInclude Include="Eigen\src\SparseCore\SparseFuzzy.h">
      <Filter>Eigen\src\SparseCore</Filter>
    </ClInclude>
    <ClInclude Include="Eigen\src\SparseCore\SparseMatrix.h">
      <Filter>Eigen\src\SparseCore</Filter>
    </ClInclude>
    <ClInclude Include="Eigen\src\SparseCore\SparseMatrixBase.h">
      <Filter>Eigen\src\SparseCore</Filter>
    </ClInclude>
    <ClInclude Include="Eigen\src\SparseCore\SparsePermutation.h">
      <Filter>Eigen\src\SparseCore</Filter>
    </ClInclude>
    <ClInclude Include="Eigen\src\SparseCore\SparseProduct.h">
      <Filter>Eigen\src\SparseCore</Filter>
    </ClInclude>
    <ClInclude Include="Eigen\src\SparseCore\SparseRedux.h">
      <Filter>Eigen\src\SparseCore</Filter>
    </ClInclude>
    <ClInclude Include="Eigen\src\SparseCore\SparseSelfAdjointView.h">
      <Filter>Eigen\src\SparseCore</Filter>
    </ClInclude>
    <ClInclude Include="Eigen\src\SparseCore\SparseSparseProductWithPruning.h">
      <Filter>Eigen\src\SparseCore</Filter>
    </ClInclude>
    <ClInclude Include="Eigen\src\SparseCore\SparseTranspose.h">
      <Filter>Eigen\src\SparseCore</Filter>
    </ClInclude>
    <ClInclude Include="Eigen\src\SparseCore\SparseTriangularView.h">
      <Filter>Eigen\src\SparseCore</Filter>
    </ClInclude>
    <ClInclude Include="Eigen\src\SparseCore\SparseUtil.h">
      <Filter>Eigen\src\SparseCore</Filter>
    </ClInclude>
    <ClInclude Include="Eigen\src\SparseCore\SparseVector.h">
      <Filter>Eigen\src\SparseCore</Filter>
    </ClInclude>
    <ClInclude Include="Eigen\src\SparseCore\SparseView.h">
      <Filter>Eigen\src\SparseCore</Filter>
    </ClInclude>
    <ClInclude Include="Eigen\src\SparseCore\TriangularSolver.h">
      <Filter>Eigen\src\SparseCore</Filter>
    </ClInclude>
    <ClInclude Include="Eigen\src\SparseLU\SparseLU.h">
      <Filter>Eigen\src\SparseLU</Filter>
    </ClInclude>
    <ClInclude Include="Eigen\src\SparseLU\SparseLU_column_bmod.h">
      <Filter>Eigen\src\SparseLU</Filter>
    </ClInclude>
    <ClInclude Include="Eigen\src\SparseLU\SparseLU_column_dfs.h">
      <Filter>Eigen\src\SparseLU</Filter>
    </ClInclude>
    <ClInclude Include="Eigen\src\SparseLU\SparseLU_copy_to_ucol.h">
      <Filter>Eigen\src\SparseLU</Filter>
    </ClInclude>
    <ClInclude Include="Eigen\src\SparseLU\SparseLU_gemm_kernel.h">
      <Filter>Eigen\src\SparseLU</Filter>
    </ClInclude>
    <ClInclude Include="Eigen\src\SparseLU\SparseLU_heap_relax_snode.h">
      <Filter>Eigen\src\SparseLU</Filter>
    </ClInclude>
    <ClInclude Include="Eigen\src\SparseLU\SparseLU_kernel_bmod.h">
      <Filter>Eigen\src\SparseLU</Filter>
    </ClInclude>
    <ClInclude Include="Eigen\src\SparseLU\SparseLU_Memory.h">
      <Filter>Eigen\src\SparseLU</Filter>
    </ClInclude>
    <ClInclude Include="Eigen\src\SparseLU\SparseLU_panel_bmod.h">
      <Filter>Eigen\src\SparseLU</Filter>
    </ClInclude>
    <ClInclude Include="Eigen\src\SparseLU\SparseLU_panel_dfs.h">
      <Filter>Eigen\src\SparseLU</Filter>
    </ClInclude>
    <ClInclude Include="Eigen\src\SparseLU\SparseLU_pivotL.h">
      <Filter>Eigen\src\SparseLU</Filter>
    </ClInclude>
    <ClInclude Include="Eigen\src\SparseLU\SparseLU_pruneL.h">
      <Filter>Eigen\src\SparseLU</Filter>
    </ClInclude>
    <ClInclude Include="Eigen\src\SparseLU\SparseLU_relax_snode.h">
      <Filter>Eigen\src\SparseLU</Filter>
    </ClInclude>
    <ClInclude Include="Eigen\src\SparseLU\SparseLU_Structs.h">
      <Filter>Eigen\src\SparseLU</Filter>
    </ClInclude>
    <ClInclude Include="Eigen\src\SparseLU\SparseLU_SupernodalMatrix.h">
      <Filter>Eigen\src\SparseLU</Filter>
    </ClInclude>
    <ClInclude Include="Eigen\src\SparseLU\SparseLU_Utils.h">
      <Filter>Eigen\src\SparseLU</Filter>
    </ClInclude>
    <ClInclude Include="Eigen\src\SparseLU\SparseLUImpl.h">
      <Filter>Eigen\src\SparseLU</Filter>
    </ClInclude>
    <ClInclude Include="Eigen\src\SparseQR\SparseQR.h">
      <Filter>Eigen\src\SparseQR</Filter>
    </ClInclude>
    <ClInclude Include="Eigen\src\SPQRSupport\SuiteSparseQRSupport.h">
      <Filter>Eigen\src\SPQRSupport</Filter>
    </ClInclude>
    <ClInclude Include="Eigen\src\StlSupport\details.h">
      <Filter>Eigen\src\StlSupport</Filter>
    </ClInclude>
    <ClInclude Include="Eigen\src\StlSupport\StdDeque.h">
      <Filter>Eigen\src\StlSupport</Filter>
    </ClInclude>
    <ClInclude Include="Eigen\src\StlSupport\StdList.h">
      <Filter>Eigen\src\StlSupport</Filter>
    </ClInclude>
    <ClInclude Include="Eigen\src\StlSupport\StdVector.h">
      <Filter>Eigen\src\StlSupport</Filter>
    </ClInclude>
    <ClInclude Include="Eigen\src\SuperLUSupport\SuperLUSupport.h">
      <Filter>Eigen\src\SuperLUSupport</Filter>
    </ClInclude>
    <ClInclude Include="Eigen\src\SVD\JacobiSVD.h">
      <Filter>Eigen\src\SVD</Filter>
    </ClInclude>
    <ClInclude Include="Eigen\src\SVD\JacobiSVD_MKL.h">
      <Filter>Eigen\src\SVD</Filter>
    </ClInclude>
    <ClInclude Include="Eigen\src\SVD\UpperBidiagonalization.h">
      <Filter>Eigen\src\SVD</Filter>
    </ClInclude>
    <ClInclude Include="Eigen\src\UmfPackSupport\UmfPackSupport.h">
      <Filter>Eigen\src\UmfPackSupport</Filter>
    </ClInclude>
  </ItemGroup>
  <ItemGroup>
    <None Include="lua5.1.5\Makefile">
      <Filter>Lua5.1.5</Filter>
    </None>
    <None Include="Eigen\Array">
      <Filter>Eigen</Filter>
    </None>
    <None Include="Eigen\Cholesky">
      <Filter>Eigen</Filter>
    </None>
    <None Include="Eigen\CholmodSupport">
      <Filter>Eigen</Filter>
    </None>
    <None Include="Eigen\Core">
      <Filter>Eigen</Filter>
    </None>
    <None Include="Eigen\Dense">
      <Filter>Eigen</Filter>
    </None>
    <None Include="Eigen\Eigen">
      <Filter>Eigen</Filter>
    </None>
    <None Include="Eigen\Eigen2Support">
      <Filter>Eigen</Filter>
    </None>
    <None Include="Eigen\Eigenvalues">
      <Filter>Eigen</Filter>
    </None>
    <None Include="Eigen\Geometry">
      <Filter>Eigen</Filter>
    </None>
    <None Include="Eigen\Householder">
      <Filter>Eigen</Filter>
    </None>
    <None Include="Eigen\IterativeLinearSolvers">
      <Filter>Eigen</Filter>
    </None>
    <None Include="Eigen\Jacobi">
      <Filter>Eigen</Filter>
    </None>
    <None Include="Eigen\LeastSquares">
      <Filter>Eigen</Filter>
    </None>
    <None Include="Eigen\LU">
      <Filter>Eigen</Filter>
    </None>
    <None Include="Eigen\MetisSupport">
      <Filter>Eigen</Filter>
    </None>
    <None Include="Eigen\OrderingMethods">
      <Filter>Eigen</Filter>
    </None>
    <None Include="Eigen\PardisoSupport">
      <Filter>Eigen</Filter>
    </None>
    <None Include="Eigen\PaStiXSupport">
      <Filter>Eigen</Filter>
    </None>
    <None Include="Eigen\QR">
      <Filter>Eigen</Filter>
    </None>
    <None Include="Eigen\QtAlignedMalloc">
      <Filter>Eigen</Filter>
    </None>
    <None Include="Eigen\Sparse">
      <Filter>Eigen</Filter>
    </None>
    <None Include="Eigen\SparseCholesky">
      <Filter>Eigen</Filter>
    </None>
    <None Include="Eigen\SparseCore">
      <Filter>Eigen</Filter>
    </None>
    <None Include="Eigen\SparseLU">
      <Filter>Eigen</Filter>
    </None>
    <None Include="Eigen\SparseQR">
      <Filter>Eigen</Filter>
    </None>
    <None Include="Eigen\SPQRSupport">
      <Filter>Eigen</Filter>
    </None>
    <None Include="Eigen\StdDeque">
      <Filter>Eigen</Filter>
    </None>
    <None Include="Eigen\StdList">
      <Filter>Eigen</Filter>
    </None>
    <None Include="Eigen\StdVector">
      <Filter>Eigen</Filter>
    </None>
    <None Include="Eigen\SuperLUSupport">
      <Filter>Eigen</Filter>
    </None>
    <None Include="Eigen\SVD">
      <Filter>Eigen</Filter>
    </None>
    <None Include="Eigen\UmfPackSupport">
      <Filter>Eigen</Filter>
    </None>
  </ItemGroup>
</Project>