<?xml version="1.0" encoding="utf-8"?>
<Project ToolsVersion="4.0" xmlns="http://schemas.microsoft.com/developer/msbuild/2003">
  <ItemGroup>
    <ClInclude Include="Linker.h" />
    <ClInclude Include="AddBasicTexture.h">
      <Filter>AddBasicTexture</Filter>
    </ClInclude>
    <ClInclude Include="GraphicCommunicator.h">
      <Filter>GraphicCommunicator</Filter>
    </ClInclude>
    <ClInclude Include="BasicDrawableConfig.h">
      <Filter>BasicDrawableConfig</Filter>
    </ClInclude>
    <ClInclude Include="SetGraphicSettings.h">
      <Filter>SetGraphicSettings</Filter>
    </ClInclude>
  </ItemGroup>
  <ItemGroup>
    <ClCompile Include="AddBasicTexture.cpp">
      <Filter>AddBasicTexture</Filter>
    </ClCompile>
    <ClCompile Include="GraphicCommunicator.cpp">
      <Filter>GraphicCommunicator</Filter>
    </ClCompile>
    <ClCompile Include="BasicDrawableConfig.cpp">
      <Filter>BasicDrawableConfig</Filter>
    </ClCompile>
    <ClCompile Include="SetGraphicSettings.cpp">
      <Filter>SetGraphicSettings</Filter>
    </ClCompile>
  </ItemGroup>
  <ItemGroup>
    <Filter Include="AddBasicTexture">
      <UniqueIdentifier>{17e44715-c07d-4d19-8385-0f7100a45282}</UniqueIdentifier>
    </Filter>
    <Filter Include="GraphicCommunicator">
      <UniqueIdentifier>{5d761ba5-65fa-4eab-93ab-0dbf01e120f2}</UniqueIdentifier>
    </Filter>
    <Filter Include="BasicDrawableConfig">
      <UniqueIdentifier>{cdf66566-bbb2-4cfc-9e94-91ad3b1e0014}</UniqueIdentifier>
    </Filter>
    <Filter Include="SetGraphicSettings">
      <UniqueIdentifier>{7c1d480e-8780-43f2-a137-3c7f39c8b2c8}</UniqueIdentifier>
    </Filter>
  </ItemGroup>
</Project>