<?xml version="1.0" encoding="utf-8"?>
<Project ToolsVersion="4.0" xmlns="http://schemas.microsoft.com/developer/msbuild/2003">
  <ItemGroup>
    <Filter Include="Matrix">
      <UniqueIdentifier>{d5f6b1aa-6ea1-40d4-b312-25eaaee2c7e2}</UniqueIdentifier>
    </Filter>
    <Filter Include="Vector">
      <UniqueIdentifier>{363a41db-7295-4378-8d01-1e1f7c59a89a}</UniqueIdentifier>
    </Filter>
    <Filter Include="VecOperators">
      <UniqueIdentifier>{75afa63c-03b6-403d-aaad-33b74de55aaf}</UniqueIdentifier>
    </Filter>
  </ItemGroup>
  <ItemGroup>
    <ClInclude Include="Matrix.h">
      <Filter>Matrix</Filter>
    </ClInclude>
    <ClInclude Include="Vector.h">
      <Filter>Vector</Filter>
    </ClInclude>
    <ClInclude Include="Linker.h" />
    <ClInclude Include="VecOperators.h">
      <Filter>VecOperators</Filter>
    </ClInclude>
  </ItemGroup>
</Project>