<?xml version="1.0" encoding="utf-8"?>
<Project ToolsVersion="4.0" xmlns="http://schemas.microsoft.com/developer/msbuild/2003">
  <ItemGroup>
    <Filter Include="Matrix">
      <UniqueIdentifier>{d5f6b1aa-6ea1-40d4-b312-25eaaee2c7e2}</UniqueIdentifier>
    </Filter>
    <Filter Include="Vector">
      <UniqueIdentifier>{363a41db-7295-4378-8d01-1e1f7c59a89a}</UniqueIdentifier>
    </Filter>
    <Filter Include="VecOperators">
      <UniqueIdentifier>{75afa63c-03b6-403d-aaad-33b74de55aaf}</UniqueIdentifier>
    </Filter>
    <Filter Include="CMLToEigen">
      <UniqueIdentifier>{226ca4fe-537a-43ca-addb-f02fe62fae0a}</UniqueIdentifier>
    </Filter>
    <Filter Include="MathFunctions">
      <UniqueIdentifier>{4f29b9e0-3a94-4dae-97ec-e57ff61b30ba}</UniqueIdentifier>
    </Filter>
  </ItemGroup>
  <ItemGroup>
    <ClInclude Include="Matrix.h">
      <Filter>Matrix</Filter>
    </ClInclude>
    <ClInclude Include="Vector.h">
      <Filter>Vector</Filter>
    </ClInclude>
    <ClInclude Include="Linker.h" />
    <ClInclude Include="VecOperators.h">
      <Filter>VecOperators</Filter>
    </ClInclude>
    <ClInclude Include="CMLToEigen.h">
      <Filter>CMLToEigen</Filter>
    </ClInclude>
    <ClInclude Include="MathFunctions.h">
      <Filter>MathFunctions</Filter>
    </ClInclude>
  </ItemGroup>
  <ItemGroup>
    <ClCompile Include="MathFunctions.cpp">
      <Filter>MathFunctions</Filter>
    </ClCompile>
  </ItemGroup>
</Project>