<?xml version="1.0" encoding="utf-8"?>
<Project ToolsVersion="4.0" xmlns="http://schemas.microsoft.com/developer/msbuild/2003">
  <ItemGroup>
    <Filter Include="LuaBind">
      <UniqueIdentifier>{27f4e210-12da-4221-9dc6-0b0e14ef480d}</UniqueIdentifier>
    </Filter>
    <Filter Include="Lua5.1.0">
      <UniqueIdentifier>{63f4b267-920c-4d3d-bb39-4fc113d4c3e3}</UniqueIdentifier>
    </Filter>
    <Filter Include="LuaBind\src">
      <UniqueIdentifier>{122b701d-2ef2-4f23-8123-bd8a185ffe7f}</UniqueIdentifier>
    </Filter>
    <Filter Include="LuaBind\Detail">
      <UniqueIdentifier>{62d3daa1-81af-422b-8c10-fe295d6e5ccf}</UniqueIdentifier>
    </Filter>
  </ItemGroup>
  <ItemGroup>
    <ClCompile Include="luabind\src\class.cpp">
      <Filter>LuaBind\src</Filter>
    </ClCompile>
    <ClCompile Include="luabind\src\class_info.cpp">
      <Filter>LuaBind\src</Filter>
    </ClCompile>
    <ClCompile Include="luabind\src\class_registry.cpp">
      <Filter>LuaBind\src</Filter>
    </ClCompile>
    <ClCompile Include="luabind\src\class_rep.cpp">
      <Filter>LuaBind\src</Filter>
    </ClCompile>
    <ClCompile Include="luabind\src\create_class.cpp">
      <Filter>LuaBind\src</Filter>
    </ClCompile>
    <ClCompile Include="luabind\src\error.cpp">
      <Filter>LuaBind\src</Filter>
    </ClCompile>
    <ClCompile Include="luabind\src\exception_handler.cpp">
      <Filter>LuaBind\src</Filter>
    </ClCompile>
    <ClCompile Include="luabind\src\function.cpp">
      <Filter>LuaBind\src</Filter>
    </ClCompile>
    <ClCompile Include="luabind\src\inheritance.cpp">
      <Filter>LuaBind\src</Filter>
    </ClCompile>
    <ClCompile Include="luabind\src\link_compatibility.cpp">
      <Filter>LuaBind\src</Filter>
    </ClCompile>
    <ClCompile Include="luabind\src\object_rep.cpp">
      <Filter>LuaBind\src</Filter>
    </ClCompile>
    <ClCompile Include="luabind\src\open.cpp">
      <Filter>LuaBind\src</Filter>
    </ClCompile>
    <ClCompile Include="luabind\src\pcall.cpp">
      <Filter>LuaBind\src</Filter>
    </ClCompile>
    <ClCompile Include="luabind\src\scope.cpp">
      <Filter>LuaBind\src</Filter>
    </ClCompile>
    <ClCompile Include="luabind\src\stack_content_by_name.cpp">
      <Filter>LuaBind\src</Filter>
    </ClCompile>
    <ClCompile Include="luabind\src\weak_ref.cpp">
      <Filter>LuaBind\src</Filter>
    </ClCompile>
    <ClCompile Include="luabind\src\wrapper_base.cpp">
      <Filter>LuaBind\src</Filter>
    </ClCompile>
    <ClCompile Include="lua5.1.0\lapi.c">
      <Filter>Lua5.1.0</Filter>
    </ClCompile>
    <ClCompile Include="lua5.1.0\lauxlib.c">
      <Filter>Lua5.1.0</Filter>
    </ClCompile>
    <ClCompile Include="lua5.1.0\lbaselib.c">
      <Filter>Lua5.1.0</Filter>
    </ClCompile>
    <ClCompile Include="lua5.1.0\lcode.c">
      <Filter>Lua5.1.0</Filter>
    </ClCompile>
    <ClCompile Include="lua5.1.0\ldblib.c">
      <Filter>Lua5.1.0</Filter>
    </ClCompile>
    <ClCompile Include="lua5.1.0\ldebug.c">
      <Filter>Lua5.1.0</Filter>
    </ClCompile>
    <ClCompile Include="lua5.1.0\ldo.c">
      <Filter>Lua5.1.0</Filter>
    </ClCompile>
    <ClCompile Include="lua5.1.0\ldump.c">
      <Filter>Lua5.1.0</Filter>
    </ClCompile>
    <ClCompile Include="lua5.1.0\lfunc.c">
      <Filter>Lua5.1.0</Filter>
    </ClCompile>
    <ClCompile Include="lua5.1.0\lgc.c">
      <Filter>Lua5.1.0</Filter>
    </ClCompile>
    <ClCompile Include="lua5.1.0\linit.c">
      <Filter>Lua5.1.0</Filter>
    </ClCompile>
    <ClCompile Include="lua5.1.0\liolib.c">
      <Filter>Lua5.1.0</Filter>
    </ClCompile>
    <ClCompile Include="lua5.1.0\llex.c">
      <Filter>Lua5.1.0</Filter>
    </ClCompile>
    <ClCompile Include="lua5.1.0\lmathlib.c">
      <Filter>Lua5.1.0</Filter>
    </ClCompile>
    <ClCompile Include="lua5.1.0\lmem.c">
      <Filter>Lua5.1.0</Filter>
    </ClCompile>
    <ClCompile Include="lua5.1.0\loadlib.c">
      <Filter>Lua5.1.0</Filter>
    </ClCompile>
    <ClCompile Include="lua5.1.0\lobject.c">
      <Filter>Lua5.1.0</Filter>
    </ClCompile>
    <ClCompile Include="lua5.1.0\lopcodes.c">
      <Filter>Lua5.1.0</Filter>
    </ClCompile>
    <ClCompile Include="lua5.1.0\loslib.c">
      <Filter>Lua5.1.0</Filter>
    </ClCompile>
    <ClCompile Include="lua5.1.0\lparser.c">
      <Filter>Lua5.1.0</Filter>
    </ClCompile>
    <ClCompile Include="lua5.1.0\lstate.c">
      <Filter>Lua5.1.0</Filter>
    </ClCompile>
    <ClCompile Include="lua5.1.0\lstring.c">
      <Filter>Lua5.1.0</Filter>
    </ClCompile>
    <ClCompile Include="lua5.1.0\lstrlib.c">
      <Filter>Lua5.1.0</Filter>
    </ClCompile>
    <ClCompile Include="lua5.1.0\ltable.c">
      <Filter>Lua5.1.0</Filter>
    </ClCompile>
    <ClCompile Include="lua5.1.0\ltablib.c">
      <Filter>Lua5.1.0</Filter>
    </ClCompile>
    <ClCompile Include="lua5.1.0\ltm.c">
      <Filter>Lua5.1.0</Filter>
    </ClCompile>
    <ClCompile Include="lua5.1.0\lua.c">
      <Filter>Lua5.1.0</Filter>
    </ClCompile>
    <ClCompile Include="lua5.1.0\luac.c">
      <Filter>Lua5.1.0</Filter>
    </ClCompile>
    <ClCompile Include="lua5.1.0\lundump.c">
      <Filter>Lua5.1.0</Filter>
    </ClCompile>
    <ClCompile Include="lua5.1.0\lvm.c">
      <Filter>Lua5.1.0</Filter>
    </ClCompile>
    <ClCompile Include="lua5.1.0\lzio.c">
      <Filter>Lua5.1.0</Filter>
    </ClCompile>
    <ClCompile Include="lua5.1.0\print.c">
      <Filter>Lua5.1.0</Filter>
    </ClCompile>
  </ItemGroup>
  <ItemGroup>
    <ClInclude Include="luabind\adopt_policy.hpp">
      <Filter>LuaBind</Filter>
    </ClInclude>
    <ClInclude Include="luabind\back_reference.hpp">
      <Filter>LuaBind</Filter>
    </ClInclude>
    <ClInclude Include="luabind\back_reference_fwd.hpp">
      <Filter>LuaBind</Filter>
    </ClInclude>
    <ClInclude Include="luabind\class.hpp">
      <Filter>LuaBind</Filter>
    </ClInclude>
    <ClInclude Include="luabind\class_info.hpp">
      <Filter>LuaBind</Filter>
    </ClInclude>
    <ClInclude Include="luabind\config.hpp">
      <Filter>LuaBind</Filter>
    </ClInclude>
    <ClInclude Include="luabind\container_policy.hpp">
      <Filter>LuaBind</Filter>
    </ClInclude>
    <ClInclude Include="luabind\copy_policy.hpp">
      <Filter>LuaBind</Filter>
    </ClInclude>
    <ClInclude Include="luabind\dependency_policy.hpp">
      <Filter>LuaBind</Filter>
    </ClInclude>
    <ClInclude Include="luabind\discard_result_policy.hpp">
      <Filter>LuaBind</Filter>
    </ClInclude>
    <ClInclude Include="luabind\error.hpp">
      <Filter>LuaBind</Filter>
    </ClInclude>
    <ClInclude Include="luabind\exception_handler.hpp">
      <Filter>LuaBind</Filter>
    </ClInclude>
    <ClInclude Include="luabind\from_stack.hpp">
      <Filter>LuaBind</Filter>
    </ClInclude>
    <ClInclude Include="luabind\function.hpp">
      <Filter>LuaBind</Filter>
    </ClInclude>
    <ClInclude Include="luabind\get_main_thread.hpp">
      <Filter>LuaBind</Filter>
    </ClInclude>
    <ClInclude Include="luabind\get_pointer.hpp">
      <Filter>LuaBind</Filter>
    </ClInclude>
    <ClInclude Include="luabind\handle.hpp">
      <Filter>LuaBind</Filter>
    </ClInclude>
    <ClInclude Include="luabind\iterator_policy.hpp">
      <Filter>LuaBind</Filter>
    </ClInclude>
    <ClInclude Include="luabind\lua_include.hpp">
      <Filter>LuaBind</Filter>
    </ClInclude>
    <ClInclude Include="luabind\luabind.hpp">
      <Filter>LuaBind</Filter>
    </ClInclude>
    <ClInclude Include="luabind\make_function.hpp">
      <Filter>LuaBind</Filter>
    </ClInclude>
    <ClInclude Include="luabind\nil.hpp">
      <Filter>LuaBind</Filter>
    </ClInclude>
    <ClInclude Include="luabind\object.hpp">
      <Filter>LuaBind</Filter>
    </ClInclude>
    <ClInclude Include="luabind\open.hpp">
      <Filter>LuaBind</Filter>
    </ClInclude>
    <ClInclude Include="luabind\operator.hpp">
      <Filter>LuaBind</Filter>
    </ClInclude>
    <ClInclude Include="luabind\out_value_policy.hpp">
      <Filter>LuaBind</Filter>
    </ClInclude>
    <ClInclude Include="luabind\prefix.hpp">
      <Filter>LuaBind</Filter>
    </ClInclude>
    <ClInclude Include="luabind\raw_policy.hpp">
      <Filter>LuaBind</Filter>
    </ClInclude>
    <ClInclude Include="luabind\return_reference_to_policy.hpp">
      <Filter>LuaBind</Filter>
    </ClInclude>
    <ClInclude Include="luabind\scope.hpp">
      <Filter>LuaBind</Filter>
    </ClInclude>
    <ClInclude Include="luabind\shared_ptr_converter.hpp">
      <Filter>LuaBind</Filter>
    </ClInclude>
    <ClInclude Include="luabind\tag_function.hpp">
      <Filter>LuaBind</Filter>
    </ClInclude>
    <ClInclude Include="luabind\typeid.hpp">
      <Filter>LuaBind</Filter>
    </ClInclude>
    <ClInclude Include="luabind\value_wrapper.hpp">
      <Filter>LuaBind</Filter>
    </ClInclude>
    <ClInclude Include="luabind\version.hpp">
      <Filter>LuaBind</Filter>
    </ClInclude>
    <ClInclude Include="luabind\weak_ref.hpp">
      <Filter>LuaBind</Filter>
    </ClInclude>
    <ClInclude Include="luabind\wrapper_base.hpp">
      <Filter>LuaBind</Filter>
    </ClInclude>
    <ClInclude Include="luabind\yield_policy.hpp">
      <Filter>LuaBind</Filter>
    </ClInclude>
    <ClInclude Include="luabind\detail\calc_arity.hpp">
      <Filter>LuaBind\Detail</Filter>
    </ClInclude>
    <ClInclude Include="luabind\detail\call.hpp">
      <Filter>LuaBind\Detail</Filter>
    </ClInclude>
    <ClInclude Include="luabind\detail\call_function.hpp">
      <Filter>LuaBind\Detail</Filter>
    </ClInclude>
    <ClInclude Include="luabind\detail\call_member.hpp">
      <Filter>LuaBind\Detail</Filter>
    </ClInclude>
    <ClInclude Include="luabind\detail\call_operator_iterate.hpp">
      <Filter>LuaBind\Detail</Filter>
    </ClInclude>
    <ClInclude Include="luabind\detail\class_cache.hpp">
      <Filter>LuaBind\Detail</Filter>
    </ClInclude>
    <ClInclude Include="luabind\detail\class_registry.hpp">
      <Filter>LuaBind\Detail</Filter>
    </ClInclude>
    <ClInclude Include="luabind\detail\class_rep.hpp">
      <Filter>LuaBind\Detail</Filter>
    </ClInclude>
    <ClInclude Include="luabind\detail\compute_score.hpp">
      <Filter>LuaBind\Detail</Filter>
    </ClInclude>
    <ClInclude Include="luabind\detail\constructor.hpp">
      <Filter>LuaBind\Detail</Filter>
    </ClInclude>
    <ClInclude Include="luabind\detail\conversion_storage.hpp">
      <Filter>LuaBind\Detail</Filter>
    </ClInclude>
    <ClInclude Include="luabind\detail\convert_to_lua.hpp">
      <Filter>LuaBind\Detail</Filter>
    </ClInclude>
    <ClInclude Include="luabind\detail\debug.hpp">
      <Filter>LuaBind\Detail</Filter>
    </ClInclude>
    <ClInclude Include="luabind\detail\decorate_type.hpp">
      <Filter>LuaBind\Detail</Filter>
    </ClInclude>
    <ClInclude Include="luabind\detail\deduce_signature.hpp">
      <Filter>LuaBind\Detail</Filter>
    </ClInclude>
    <ClInclude Include="luabind\detail\enum_maker.hpp">
      <Filter>LuaBind\Detail</Filter>
    </ClInclude>
    <ClInclude Include="luabind\detail\format_signature.hpp">
      <Filter>LuaBind\Detail</Filter>
    </ClInclude>
    <ClInclude Include="luabind\detail\garbage_collector.hpp">
      <Filter>LuaBind\Detail</Filter>
    </ClInclude>
    <ClInclude Include="luabind\detail\has_get_pointer.hpp">
      <Filter>LuaBind\Detail</Filter>
    </ClInclude>
    <ClInclude Include="luabind\detail\inheritance.hpp">
      <Filter>LuaBind\Detail</Filter>
    </ClInclude>
    <ClInclude Include="luabind\detail\instance_holder.hpp">
      <Filter>LuaBind\Detail</Filter>
    </ClInclude>
    <ClInclude Include="luabind\detail\is_indirect_const.hpp">
      <Filter>LuaBind\Detail</Filter>
    </ClInclude>
    <ClInclude Include="luabind\detail\link_compatibility.hpp">
      <Filter>LuaBind\Detail</Filter>
    </ClInclude>
    <ClInclude Include="luabind\detail\make_instance.hpp">
      <Filter>LuaBind\Detail</Filter>
    </ClInclude>
    <ClInclude Include="luabind\detail\most_derived.hpp">
      <Filter>LuaBind\Detail</Filter>
    </ClInclude>
    <ClInclude Include="luabind\detail\object_call.hpp">
      <Filter>LuaBind\Detail</Filter>
    </ClInclude>
    <ClInclude Include="luabind\detail\object_funs.hpp">
      <Filter>LuaBind\Detail</Filter>
    </ClInclude>
    <ClInclude Include="luabind\detail\object_rep.hpp">
      <Filter>LuaBind\Detail</Filter>
    </ClInclude>
    <ClInclude Include="luabind\detail\open.hpp">
      <Filter>LuaBind\Detail</Filter>
    </ClInclude>
    <ClInclude Include="luabind\detail\operator_id.hpp">
      <Filter>LuaBind\Detail</Filter>
    </ClInclude>
    <ClInclude Include="luabind\detail\other.hpp">
      <Filter>LuaBind\Detail</Filter>
    </ClInclude>
    <ClInclude Include="luabind\detail\pcall.hpp">
      <Filter>LuaBind\Detail</Filter>
    </ClInclude>
    <ClInclude Include="luabind\detail\pointee_sizeof.hpp">
      <Filter>LuaBind\Detail</Filter>
    </ClInclude>
    <ClInclude Include="luabind\detail\pointee_typeid.hpp">
      <Filter>LuaBind\Detail</Filter>
    </ClInclude>
    <ClInclude Include="luabind\detail\policy.hpp">
      <Filter>LuaBind\Detail</Filter>
    </ClInclude>
    <ClInclude Include="luabind\detail\primitives.hpp">
      <Filter>LuaBind\Detail</Filter>
    </ClInclude>
    <ClInclude Include="luabind\detail\property.hpp">
      <Filter>LuaBind\Detail</Filter>
    </ClInclude>
    <ClInclude Include="luabind\detail\ref.hpp">
      <Filter>LuaBind\Detail</Filter>
    </ClInclude>
    <ClInclude Include="luabind\detail\signature_match.hpp">
      <Filter>LuaBind\Detail</Filter>
    </ClInclude>
    <ClInclude Include="luabind\detail\stack_utils.hpp">
      <Filter>LuaBind\Detail</Filter>
    </ClInclude>
    <ClInclude Include="luabind\detail\typetraits.hpp">
      <Filter>LuaBind\Detail</Filter>
    </ClInclude>
    <ClInclude Include="luabind\detail\yes_no.hpp">
      <Filter>LuaBind\Detail</Filter>
    </ClInclude>
    <ClInclude Include="lua5.1.0\lapi.h">
      <Filter>Lua5.1.0</Filter>
    </ClInclude>
    <ClInclude Include="lua5.1.0\lauxlib.h">
      <Filter>Lua5.1.0</Filter>
    </ClInclude>
    <ClInclude Include="lua5.1.0\lcode.h">
      <Filter>Lua5.1.0</Filter>
    </ClInclude>
    <ClInclude Include="lua5.1.0\ldebug.h">
      <Filter>Lua5.1.0</Filter>
    </ClInclude>
    <ClInclude Include="lua5.1.0\ldo.h">
      <Filter>Lua5.1.0</Filter>
    </ClInclude>
    <ClInclude Include="lua5.1.0\lfunc.h">
      <Filter>Lua5.1.0</Filter>
    </ClInclude>
    <ClInclude Include="lua5.1.0\lgc.h">
      <Filter>Lua5.1.0</Filter>
    </ClInclude>
    <ClInclude Include="lua5.1.0\llex.h">
      <Filter>Lua5.1.0</Filter>
    </ClInclude>
    <ClInclude Include="lua5.1.0\llimits.h">
      <Filter>Lua5.1.0</Filter>
    </ClInclude>
    <ClInclude Include="lua5.1.0\lmem.h">
      <Filter>Lua5.1.0</Filter>
    </ClInclude>
    <ClInclude Include="lua5.1.0\lobject.h">
      <Filter>Lua5.1.0</Filter>
    </ClInclude>
    <ClInclude Include="lua5.1.0\lopcodes.h">
      <Filter>Lua5.1.0</Filter>
    </ClInclude>
    <ClInclude Include="lua5.1.0\lparser.h">
      <Filter>Lua5.1.0</Filter>
    </ClInclude>
    <ClInclude Include="lua5.1.0\lstate.h">
      <Filter>Lua5.1.0</Filter>
    </ClInclude>
    <ClInclude Include="lua5.1.0\lstring.h">
      <Filter>Lua5.1.0</Filter>
    </ClInclude>
    <ClInclude Include="lua5.1.0\ltable.h">
      <Filter>Lua5.1.0</Filter>
    </ClInclude>
    <ClInclude Include="lua5.1.0\ltm.h">
      <Filter>Lua5.1.0</Filter>
    </ClInclude>
    <ClInclude Include="lua5.1.0\lua.h">
      <Filter>Lua5.1.0</Filter>
    </ClInclude>
    <ClInclude Include="lua5.1.0\luaconf.h">
      <Filter>Lua5.1.0</Filter>
    </ClInclude>
    <ClInclude Include="lua5.1.0\lualib.h">
      <Filter>Lua5.1.0</Filter>
    </ClInclude>
    <ClInclude Include="lua5.1.0\lundump.h">
      <Filter>Lua5.1.0</Filter>
    </ClInclude>
    <ClInclude Include="lua5.1.0\lvm.h">
      <Filter>Lua5.1.0</Filter>
    </ClInclude>
    <ClInclude Include="lua5.1.0\lzio.h">
      <Filter>Lua5.1.0</Filter>
    </ClInclude>
    <ClInclude Include="Linker.h" />
  </ItemGroup>
</Project>