<?xml version="1.0" encoding="utf-8"?>
<Project ToolsVersion="4.0" xmlns="http://schemas.microsoft.com/developer/msbuild/2003">
  <ItemGroup>
    <Filter Include="Lua5.1.5">
      <UniqueIdentifier>{6e43e832-de57-4ba0-b918-24903f1851ec}</UniqueIdentifier>
    </Filter>
    <Filter Include="LuaBind">
      <UniqueIdentifier>{8c8d6ae0-5771-4002-a7a9-62e1cd28a3c4}</UniqueIdentifier>
    </Filter>
    <Filter Include="LuaBind\detail">
      <UniqueIdentifier>{200261f3-cc22-4abc-9f40-50585a450700}</UniqueIdentifier>
    </Filter>
    <Filter Include="LuaBind\src">
      <UniqueIdentifier>{2f7a56c2-318f-4ae7-812f-f8adb6db8cbc}</UniqueIdentifier>
    </Filter>
  </ItemGroup>
  <ItemGroup>
    <ClCompile Include="lua5.1.5\lapi.c">
      <Filter>Lua5.1.5</Filter>
    </ClCompile>
    <ClCompile Include="lua5.1.5\lauxlib.c">
      <Filter>Lua5.1.5</Filter>
    </ClCompile>
    <ClCompile Include="lua5.1.5\lbaselib.c">
      <Filter>Lua5.1.5</Filter>
    </ClCompile>
    <ClCompile Include="lua5.1.5\lcode.c">
      <Filter>Lua5.1.5</Filter>
    </ClCompile>
    <ClCompile Include="lua5.1.5\ldblib.c">
      <Filter>Lua5.1.5</Filter>
    </ClCompile>
    <ClCompile Include="lua5.1.5\ldebug.c">
      <Filter>Lua5.1.5</Filter>
    </ClCompile>
    <ClCompile Include="lua5.1.5\ldo.c">
      <Filter>Lua5.1.5</Filter>
    </ClCompile>
    <ClCompile Include="lua5.1.5\ldump.c">
      <Filter>Lua5.1.5</Filter>
    </ClCompile>
    <ClCompile Include="lua5.1.5\lfunc.c">
      <Filter>Lua5.1.5</Filter>
    </ClCompile>
    <ClCompile Include="lua5.1.5\lgc.c">
      <Filter>Lua5.1.5</Filter>
    </ClCompile>
    <ClCompile Include="lua5.1.5\linit.c">
      <Filter>Lua5.1.5</Filter>
    </ClCompile>
    <ClCompile Include="lua5.1.5\liolib.c">
      <Filter>Lua5.1.5</Filter>
    </ClCompile>
    <ClCompile Include="lua5.1.5\llex.c">
      <Filter>Lua5.1.5</Filter>
    </ClCompile>
    <ClCompile Include="lua5.1.5\lmathlib.c">
      <Filter>Lua5.1.5</Filter>
    </ClCompile>
    <ClCompile Include="lua5.1.5\lmem.c">
      <Filter>Lua5.1.5</Filter>
    </ClCompile>
    <ClCompile Include="lua5.1.5\loadlib.c">
      <Filter>Lua5.1.5</Filter>
    </ClCompile>
    <ClCompile Include="lua5.1.5\lobject.c">
      <Filter>Lua5.1.5</Filter>
    </ClCompile>
    <ClCompile Include="lua5.1.5\lopcodes.c">
      <Filter>Lua5.1.5</Filter>
    </ClCompile>
    <ClCompile Include="lua5.1.5\loslib.c">
      <Filter>Lua5.1.5</Filter>
    </ClCompile>
    <ClCompile Include="lua5.1.5\lparser.c">
      <Filter>Lua5.1.5</Filter>
    </ClCompile>
    <ClCompile Include="lua5.1.5\lstate.c">
      <Filter>Lua5.1.5</Filter>
    </ClCompile>
    <ClCompile Include="lua5.1.5\lstring.c">
      <Filter>Lua5.1.5</Filter>
    </ClCompile>
    <ClCompile Include="lua5.1.5\lstrlib.c">
      <Filter>Lua5.1.5</Filter>
    </ClCompile>
    <ClCompile Include="lua5.1.5\ltable.c">
      <Filter>Lua5.1.5</Filter>
    </ClCompile>
    <ClCompile Include="lua5.1.5\ltablib.c">
      <Filter>Lua5.1.5</Filter>
    </ClCompile>
    <ClCompile Include="lua5.1.5\ltm.c">
      <Filter>Lua5.1.5</Filter>
    </ClCompile>
    <ClCompile Include="lua5.1.5\lua.c">
      <Filter>Lua5.1.5</Filter>
    </ClCompile>
    <ClCompile Include="lua5.1.5\luac.c">
      <Filter>Lua5.1.5</Filter>
    </ClCompile>
    <ClCompile Include="lua5.1.5\lundump.c">
      <Filter>Lua5.1.5</Filter>
    </ClCompile>
    <ClCompile Include="lua5.1.5\lvm.c">
      <Filter>Lua5.1.5</Filter>
    </ClCompile>
    <ClCompile Include="lua5.1.5\lzio.c">
      <Filter>Lua5.1.5</Filter>
    </ClCompile>
    <ClCompile Include="lua5.1.5\print.c">
      <Filter>Lua5.1.5</Filter>
    </ClCompile>
    <ClCompile Include="luabind\src\class.cpp">
      <Filter>LuaBind\src</Filter>
    </ClCompile>
    <ClCompile Include="luabind\src\class_info.cpp">
      <Filter>LuaBind\src</Filter>
    </ClCompile>
    <ClCompile Include="luabind\src\class_registry.cpp">
      <Filter>LuaBind\src</Filter>
    </ClCompile>
    <ClCompile Include="luabind\src\class_rep.cpp">
      <Filter>LuaBind\src</Filter>
    </ClCompile>
    <ClCompile Include="luabind\src\create_class.cpp">
      <Filter>LuaBind\src</Filter>
    </ClCompile>
    <ClCompile Include="luabind\src\error.cpp">
      <Filter>LuaBind\src</Filter>
    </ClCompile>
    <ClCompile Include="luabind\src\exception_handler.cpp">
      <Filter>LuaBind\src</Filter>
    </ClCompile>
    <ClCompile Include="luabind\src\function.cpp">
      <Filter>LuaBind\src</Filter>
    </ClCompile>
    <ClCompile Include="luabind\src\inheritance.cpp">
      <Filter>LuaBind\src</Filter>
    </ClCompile>
    <ClCompile Include="luabind\src\link_compatibility.cpp">
      <Filter>LuaBind\src</Filter>
    </ClCompile>
    <ClCompile Include="luabind\src\object_rep.cpp">
      <Filter>LuaBind\src</Filter>
    </ClCompile>
    <ClCompile Include="luabind\src\open.cpp">
      <Filter>LuaBind\src</Filter>
    </ClCompile>
    <ClCompile Include="luabind\src\pcall.cpp">
      <Filter>LuaBind\src</Filter>
    </ClCompile>
    <ClCompile Include="luabind\src\scope.cpp">
      <Filter>LuaBind\src</Filter>
    </ClCompile>
    <ClCompile Include="luabind\src\stack_content_by_name.cpp">
      <Filter>LuaBind\src</Filter>
    </ClCompile>
    <ClCompile Include="luabind\src\weak_ref.cpp">
      <Filter>LuaBind\src</Filter>
    </ClCompile>
    <ClCompile Include="luabind\src\wrapper_base.cpp">
      <Filter>LuaBind\src</Filter>
    </ClCompile>
  </ItemGroup>
  <ItemGroup>
    <ClInclude Include="lua5.1.5\lapi.h">
      <Filter>Lua5.1.5</Filter>
    </ClInclude>
    <ClInclude Include="lua5.1.5\lauxlib.h">
      <Filter>Lua5.1.5</Filter>
    </ClInclude>
    <ClInclude Include="lua5.1.5\lcode.h">
      <Filter>Lua5.1.5</Filter>
    </ClInclude>
    <ClInclude Include="lua5.1.5\ldebug.h">
      <Filter>Lua5.1.5</Filter>
    </ClInclude>
    <ClInclude Include="lua5.1.5\ldo.h">
      <Filter>Lua5.1.5</Filter>
    </ClInclude>
    <ClInclude Include="lua5.1.5\lfunc.h">
      <Filter>Lua5.1.5</Filter>
    </ClInclude>
    <ClInclude Include="lua5.1.5\lgc.h">
      <Filter>Lua5.1.5</Filter>
    </ClInclude>
    <ClInclude Include="lua5.1.5\llex.h">
      <Filter>Lua5.1.5</Filter>
    </ClInclude>
    <ClInclude Include="lua5.1.5\llimits.h">
      <Filter>Lua5.1.5</Filter>
    </ClInclude>
    <ClInclude Include="lua5.1.5\lmem.h">
      <Filter>Lua5.1.5</Filter>
    </ClInclude>
    <ClInclude Include="lua5.1.5\lobject.h">
      <Filter>Lua5.1.5</Filter>
    </ClInclude>
    <ClInclude Include="lua5.1.5\lopcodes.h">
      <Filter>Lua5.1.5</Filter>
    </ClInclude>
    <ClInclude Include="lua5.1.5\lparser.h">
      <Filter>Lua5.1.5</Filter>
    </ClInclude>
    <ClInclude Include="lua5.1.5\lstate.h">
      <Filter>Lua5.1.5</Filter>
    </ClInclude>
    <ClInclude Include="lua5.1.5\lstring.h">
      <Filter>Lua5.1.5</Filter>
    </ClInclude>
    <ClInclude Include="lua5.1.5\ltable.h">
      <Filter>Lua5.1.5</Filter>
    </ClInclude>
    <ClInclude Include="lua5.1.5\ltm.h">
      <Filter>Lua5.1.5</Filter>
    </ClInclude>
    <ClInclude Include="lua5.1.5\lua.h">
      <Filter>Lua5.1.5</Filter>
    </ClInclude>
    <ClInclude Include="lua5.1.5\luaconf.h">
      <Filter>Lua5.1.5</Filter>
    </ClInclude>
    <ClInclude Include="lua5.1.5\lualib.h">
      <Filter>Lua5.1.5</Filter>
    </ClInclude>
    <ClInclude Include="lua5.1.5\lundump.h">
      <Filter>Lua5.1.5</Filter>
    </ClInclude>
    <ClInclude Include="lua5.1.5\lvm.h">
      <Filter>Lua5.1.5</Filter>
    </ClInclude>
    <ClInclude Include="lua5.1.5\lzio.h">
      <Filter>Lua5.1.5</Filter>
    </ClInclude>
    <ClInclude Include="luabind\adopt_policy.hpp">
      <Filter>LuaBind</Filter>
    </ClInclude>
    <ClInclude Include="luabind\back_reference.hpp">
      <Filter>LuaBind</Filter>
    </ClInclude>
    <ClInclude Include="luabind\back_reference_fwd.hpp">
      <Filter>LuaBind</Filter>
    </ClInclude>
    <ClInclude Include="luabind\class.hpp">
      <Filter>LuaBind</Filter>
    </ClInclude>
    <ClInclude Include="luabind\class_info.hpp">
      <Filter>LuaBind</Filter>
    </ClInclude>
    <ClInclude Include="luabind\config.hpp">
      <Filter>LuaBind</Filter>
    </ClInclude>
    <ClInclude Include="luabind\container_policy.hpp">
      <Filter>LuaBind</Filter>
    </ClInclude>
    <ClInclude Include="luabind\copy_policy.hpp">
      <Filter>LuaBind</Filter>
    </ClInclude>
    <ClInclude Include="luabind\dependency_policy.hpp">
      <Filter>LuaBind</Filter>
    </ClInclude>
    <ClInclude Include="luabind\discard_result_policy.hpp">
      <Filter>LuaBind</Filter>
    </ClInclude>
    <ClInclude Include="luabind\error.hpp">
      <Filter>LuaBind</Filter>
    </ClInclude>
    <ClInclude Include="luabind\exception_handler.hpp">
      <Filter>LuaBind</Filter>
    </ClInclude>
    <ClInclude Include="luabind\from_stack.hpp">
      <Filter>LuaBind</Filter>
    </ClInclude>
    <ClInclude Include="luabind\function.hpp">
      <Filter>LuaBind</Filter>
    </ClInclude>
    <ClInclude Include="luabind\get_main_thread.hpp">
      <Filter>LuaBind</Filter>
    </ClInclude>
    <ClInclude Include="luabind\get_pointer.hpp">
      <Filter>LuaBind</Filter>
    </ClInclude>
    <ClInclude Include="luabind\handle.hpp">
      <Filter>LuaBind</Filter>
    </ClInclude>
    <ClInclude Include="luabind\iterator_policy.hpp">
      <Filter>LuaBind</Filter>
    </ClInclude>
    <ClInclude Include="luabind\lua_include.hpp">
      <Filter>LuaBind</Filter>
    </ClInclude>
    <ClInclude Include="luabind\luabind.hpp">
      <Filter>LuaBind</Filter>
    </ClInclude>
    <ClInclude Include="luabind\make_function.hpp">
      <Filter>LuaBind</Filter>
    </ClInclude>
    <ClInclude Include="luabind\nil.hpp">
      <Filter>LuaBind</Filter>
    </ClInclude>
    <ClInclude Include="luabind\object.hpp">
      <Filter>LuaBind</Filter>
    </ClInclude>
    <ClInclude Include="luabind\open.hpp">
      <Filter>LuaBind</Filter>
    </ClInclude>
    <ClInclude Include="luabind\operator.hpp">
      <Filter>LuaBind</Filter>
    </ClInclude>
    <ClInclude Include="luabind\out_value_policy.hpp">
      <Filter>LuaBind</Filter>
    </ClInclude>
    <ClInclude Include="luabind\prefix.hpp">
      <Filter>LuaBind</Filter>
    </ClInclude>
    <ClInclude Include="luabind\raw_policy.hpp">
      <Filter>LuaBind</Filter>
    </ClInclude>
    <ClInclude Include="luabind\return_reference_to_policy.hpp">
      <Filter>LuaBind</Filter>
    </ClInclude>
    <ClInclude Include="luabind\scope.hpp">
      <Filter>LuaBind</Filter>
    </ClInclude>
    <ClInclude Include="luabind\shared_ptr_converter.hpp">
      <Filter>LuaBind</Filter>
    </ClInclude>
    <ClInclude Include="luabind\tag_function.hpp">
      <Filter>LuaBind</Filter>
    </ClInclude>
    <ClInclude Include="luabind\typeid.hpp">
      <Filter>LuaBind</Filter>
    </ClInclude>
    <ClInclude Include="luabind\value_wrapper.hpp">
      <Filter>LuaBind</Filter>
    </ClInclude>
    <ClInclude Include="luabind\version.hpp">
      <Filter>LuaBind</Filter>
    </ClInclude>
    <ClInclude Include="luabind\weak_ref.hpp">
      <Filter>LuaBind</Filter>
    </ClInclude>
    <ClInclude Include="luabind\wrapper_base.hpp">
      <Filter>LuaBind</Filter>
    </ClInclude>
    <ClInclude Include="luabind\yield_policy.hpp">
      <Filter>LuaBind</Filter>
    </ClInclude>
    <ClInclude Include="luabind\detail\calc_arity.hpp">
      <Filter>LuaBind\detail</Filter>
    </ClInclude>
    <ClInclude Include="luabind\detail\call.hpp">
      <Filter>LuaBind\detail</Filter>
    </ClInclude>
    <ClInclude Include="luabind\detail\call_function.hpp">
      <Filter>LuaBind\detail</Filter>
    </ClInclude>
    <ClInclude Include="luabind\detail\call_member.hpp">
      <Filter>LuaBind\detail</Filter>
    </ClInclude>
    <ClInclude Include="luabind\detail\call_operator_iterate.hpp">
      <Filter>LuaBind\detail</Filter>
    </ClInclude>
    <ClInclude Include="luabind\detail\class_cache.hpp">
      <Filter>LuaBind\detail</Filter>
    </ClInclude>
    <ClInclude Include="luabind\detail\class_registry.hpp">
      <Filter>LuaBind\detail</Filter>
    </ClInclude>
    <ClInclude Include="luabind\detail\class_rep.hpp">
      <Filter>LuaBind\detail</Filter>
    </ClInclude>
    <ClInclude Include="luabind\detail\compute_score.hpp">
      <Filter>LuaBind\detail</Filter>
    </ClInclude>
    <ClInclude Include="luabind\detail\constructor.hpp">
      <Filter>LuaBind\detail</Filter>
    </ClInclude>
    <ClInclude Include="luabind\detail\conversion_storage.hpp">
      <Filter>LuaBind\detail</Filter>
    </ClInclude>
    <ClInclude Include="luabind\detail\convert_to_lua.hpp">
      <Filter>LuaBind\detail</Filter>
    </ClInclude>
    <ClInclude Include="luabind\detail\debug.hpp">
      <Filter>LuaBind\detail</Filter>
    </ClInclude>
    <ClInclude Include="luabind\detail\decorate_type.hpp">
      <Filter>LuaBind\detail</Filter>
    </ClInclude>
    <ClInclude Include="luabind\detail\deduce_signature.hpp">
      <Filter>LuaBind\detail</Filter>
    </ClInclude>
    <ClInclude Include="luabind\detail\enum_maker.hpp">
      <Filter>LuaBind\detail</Filter>
    </ClInclude>
    <ClInclude Include="luabind\detail\format_signature.hpp">
      <Filter>LuaBind\detail</Filter>
    </ClInclude>
    <ClInclude Include="luabind\detail\garbage_collector.hpp">
      <Filter>LuaBind\detail</Filter>
    </ClInclude>
    <ClInclude Include="luabind\detail\has_get_pointer.hpp">
      <Filter>LuaBind\detail</Filter>
    </ClInclude>
    <ClInclude Include="luabind\detail\inheritance.hpp">
      <Filter>LuaBind\detail</Filter>
    </ClInclude>
    <ClInclude Include="luabind\detail\instance_holder.hpp">
      <Filter>LuaBind\detail</Filter>
    </ClInclude>
    <ClInclude Include="luabind\detail\is_indirect_const.hpp">
      <Filter>LuaBind\detail</Filter>
    </ClInclude>
    <ClInclude Include="luabind\detail\link_compatibility.hpp">
      <Filter>LuaBind\detail</Filter>
    </ClInclude>
    <ClInclude Include="luabind\detail\make_instance.hpp">
      <Filter>LuaBind\detail</Filter>
    </ClInclude>
    <ClInclude Include="luabind\detail\most_derived.hpp">
      <Filter>LuaBind\detail</Filter>
    </ClInclude>
    <ClInclude Include="luabind\detail\object_call.hpp">
      <Filter>LuaBind\detail</Filter>
    </ClInclude>
    <ClInclude Include="luabind\detail\object_funs.hpp">
      <Filter>LuaBind\detail</Filter>
    </ClInclude>
    <ClInclude Include="luabind\detail\object_rep.hpp">
      <Filter>LuaBind\detail</Filter>
    </ClInclude>
    <ClInclude Include="luabind\detail\open.hpp">
      <Filter>LuaBind\detail</Filter>
    </ClInclude>
    <ClInclude Include="luabind\detail\operator_id.hpp">
      <Filter>LuaBind\detail</Filter>
    </ClInclude>
    <ClInclude Include="luabind\detail\other.hpp">
      <Filter>LuaBind\detail</Filter>
    </ClInclude>
    <ClInclude Include="luabind\detail\pcall.hpp">
      <Filter>LuaBind\detail</Filter>
    </ClInclude>
    <ClInclude Include="luabind\detail\pointee_sizeof.hpp">
      <Filter>LuaBind\detail</Filter>
    </ClInclude>
    <ClInclude Include="luabind\detail\pointee_typeid.hpp">
      <Filter>LuaBind\detail</Filter>
    </ClInclude>
    <ClInclude Include="luabind\detail\policy.hpp">
      <Filter>LuaBind\detail</Filter>
    </ClInclude>
    <ClInclude Include="luabind\detail\primitives.hpp">
      <Filter>LuaBind\detail</Filter>
    </ClInclude>
    <ClInclude Include="luabind\detail\property.hpp">
      <Filter>LuaBind\detail</Filter>
    </ClInclude>
    <ClInclude Include="luabind\detail\ref.hpp">
      <Filter>LuaBind\detail</Filter>
    </ClInclude>
    <ClInclude Include="luabind\detail\signature_match.hpp">
      <Filter>LuaBind\detail</Filter>
    </ClInclude>
    <ClInclude Include="luabind\detail\stack_utils.hpp">
      <Filter>LuaBind\detail</Filter>
    </ClInclude>
    <ClInclude Include="luabind\detail\typetraits.hpp">
      <Filter>LuaBind\detail</Filter>
    </ClInclude>
    <ClInclude Include="luabind\detail\yes_no.hpp">
      <Filter>LuaBind\detail</Filter>
    </ClInclude>
    <ClInclude Include="Linker.h" />
    <ClInclude Include="Lua.hpp" />
  </ItemGroup>
  <ItemGroup>
    <None Include="lua5.1.5\Makefile">
      <Filter>Lua5.1.5</Filter>
    </None>
  </ItemGroup>
</Project>